version = 1
requires-python = ">=3.8"
resolution-markers = [
    "python_full_version < '3.9'",
    "python_full_version >= '3.9'",
]

[manifest]
members = [
    "duckdb-extension-arrow",
    "duckdb-extension-autocomplete",
    "duckdb-extension-aws",
    "duckdb-extension-azure",
    "duckdb-extension-delta",
    "duckdb-extension-excel",
    "duckdb-extension-fts",
    "duckdb-extension-httpfs",
    "duckdb-extension-iceberg",
    "duckdb-extension-inet",
    "duckdb-extension-json",
    "duckdb-extension-motherduck",
    "duckdb-extension-mysql",
    "duckdb-extension-mysql-scanner",
    "duckdb-extension-parquet",
    "duckdb-extension-postgres",
    "duckdb-extension-postgres-scanner",
    "duckdb-extension-spatial",
    "duckdb-extension-sqlite",
    "duckdb-extension-sqlite-scanner",
    "duckdb-extension-sqlite3",
    "duckdb-extension-substrait",
    "duckdb-extension-tpcds",
    "duckdb-extension-tpch",
    "duckdb-extension-vss",
    "duckdb-extensions",
]

[[package]]
name = "duckdb"
version = "1.2.0"
source = { registry = "https://pypi.org/simple" }
sdist = { url = "https://files.pythonhosted.org/packages/e3/e2/5e6820ec8cc50c4ab6172debea68e2236ea6a5d9caa56297cfb42fca1fa2/duckdb-1.2.0.tar.gz", hash = "sha256:a5ce81828e6d1c3f06836d3bda38eef8355765f08ad5ce239abd6f56934dd1f8", size = 11586759 }
wheels = [
    { url = "https://files.pythonhosted.org/packages/94/07/21180c41ac06a7d4bf015193c79c7604bc40842e1011e267d0f5028fc4bb/duckdb-1.2.0-cp310-cp310-macosx_12_0_arm64.whl", hash = "sha256:7452d3655063cc3062504b5b22f8968acb96ffcdc6c2b8207bbec9da1de1f884", size = 15231764 },
    { url = "https://files.pythonhosted.org/packages/86/ab/bd5227772167c1a04584deabb91de684e71d1949cb1ed61a8aadcdf86b63/duckdb-1.2.0-cp310-cp310-macosx_12_0_universal2.whl", hash = "sha256:28d40a269212270e08b8541ea0922c3a893407897481cd484ad896bc2ba77a00", size = 31890664 },
    { url = "https://files.pythonhosted.org/packages/a1/8f/05bdfd5bac1d487b94f33b973cfea76961fec24fb54308cab120e3f3931d/duckdb-1.2.0-cp310-cp310-macosx_12_0_x86_64.whl", hash = "sha256:ed4586aa441a57f68e5fa5655b8a86509e1c3b6521ad4d40455ae4594e18cd59", size = 16761345 },
    { url = "https://files.pythonhosted.org/packages/bb/c6/1762972e6480df04e9c87d3639a10334a1d84a946430b66722419577a67b/duckdb-1.2.0-cp310-cp310-manylinux_2_17_aarch64.manylinux2014_aarch64.whl", hash = "sha256:07823a485bc656cf2f63020117fec5245aa7fb8d085a43700208ac8b7e728866", size = 18706369 },
    { url = "https://files.pythonhosted.org/packages/5d/aa/85e5fba03ae0b717d7aba6cc55c769c47a17e470dcd9243a2f29e4cc7020/duckdb-1.2.0-cp310-cp310-manylinux_2_17_x86_64.manylinux2014_x86_64.whl", hash = "sha256:d3b86475373cbd000035f34ba02420bc8ff432eaa646b09c5de975610120155d", size = 20168319 },
    { url = "https://files.pythonhosted.org/packages/e3/35/557d5d1fb2203d2740c2fcd8457efc0d400d8951238269c0e0caaac8bb0d/duckdb-1.2.0-cp310-cp310-manylinux_2_24_aarch64.manylinux_2_28_aarch64.whl", hash = "sha256:be7a14d1380ea8345b27bf5bbe77209c14ee0277c7401f504a2519936f9d087e", size = 18359562 },
    { url = "https://files.pythonhosted.org/packages/db/7a/82a7dd0858abe62faff35e0aaf2a4c5cf18c9bc57a63ffcb239307bfd073/duckdb-1.2.0-cp310-cp310-musllinux_1_2_x86_64.whl", hash = "sha256:c491485a14f806d12407d85510da8f09ad5d9a079ec449b7bff75eea5f9431c3", size = 21675852 },
    { url = "https://files.pythonhosted.org/packages/55/35/73663d33229a41ae95f0806ffcbc5a7322600eee6b6191e9a031927051df/duckdb-1.2.0-cp310-cp310-win_amd64.whl", hash = "sha256:c8f6c09c939deb0bccaa6485798dacef0969046d1aa845ef10063558c8ee14e0", size = 11351568 },
    { url = "https://files.pythonhosted.org/packages/5a/80/09a9901a8c9d87727c464f25a0035325ecfceef70563e680072b39dde433/duckdb-1.2.0-cp311-cp311-macosx_12_0_arm64.whl", hash = "sha256:970a396b133608b5acb297cc172097866abbbce6cc57a2ec6b128b4f99a63ecd", size = 15237624 },
    { url = "https://files.pythonhosted.org/packages/26/72/0cbed5f9a7cbfc5362a190700f533bd61935a00ec6175455811858a36cd0/duckdb-1.2.0-cp311-cp311-macosx_12_0_universal2.whl", hash = "sha256:ecd713a8388c1e173ef04aa5545873e93d44cb950c2af5459b44668676abc873", size = 31895156 },
    { url = "https://files.pythonhosted.org/packages/97/45/bbc024b73e64762b43b41d32f68398a7901b71ee294ebb5840b726edc345/duckdb-1.2.0-cp311-cp311-macosx_12_0_x86_64.whl", hash = "sha256:9e1323ab11ca9ee72bb3c54dfb4919add4b2aa524085bac80c2a888ce673cdf0", size = 16764343 },
    { url = "https://files.pythonhosted.org/packages/9d/24/3aa96f24078613b1166ec95cdd99835fd70411980910f4508ee79084718e/duckdb-1.2.0-cp311-cp311-manylinux_2_17_aarch64.manylinux2014_aarch64.whl", hash = "sha256:c22e4ddcf1a76b4cf90cac23de06910557b239b4ba783e6dec1e04210de897e9", size = 18709384 },
    { url = "https://files.pythonhosted.org/packages/88/7e/00a6b7fc88b98deded4c08f51a30711b1d5b6518b867840c5679f66e62ce/duckdb-1.2.0-cp311-cp311-manylinux_2_17_x86_64.manylinux2014_x86_64.whl", hash = "sha256:55f2b0fbe63786061b028f48e41efcecfdcf3d5f8cb5ce415ee1d5885691c19f", size = 20171009 },
    { url = "https://files.pythonhosted.org/packages/60/e0/9f3d528bf843c15996caa9454ea2437d50c657715ee525115fa6d0ffa45f/duckdb-1.2.0-cp311-cp311-manylinux_2_24_aarch64.manylinux_2_28_aarch64.whl", hash = "sha256:d6dc9fd4c6f3505d7d69eed05d26a345d9652a4dab791b6d95ac18d6cdda2041", size = 18365090 },
    { url = "https://files.pythonhosted.org/packages/f9/0c/8e949652c2378383d2ea6771ffef1cb3bb29d1f4822310fd3ff4f90e16ed/duckdb-1.2.0-cp311-cp311-musllinux_1_2_x86_64.whl", hash = "sha256:4788c1f6d588be232b4a9dbc2c4a3546cd1ced945a1182d785cf913a5bd122a3", size = 21678264 },
    { url = "https://files.pythonhosted.org/packages/ef/79/6093ddd297c0f39943b42bcb5b74d8f4f1ad4489ff615af2a204f4f27723/duckdb-1.2.0-cp311-cp311-win_amd64.whl", hash = "sha256:eeb5a517445d18949610cd30da1215303693cdae2942e6b1b7661314380f715e", size = 11351100 },
    { url = "https://files.pythonhosted.org/packages/06/0d/eb787bc4f01603db350974299eadd5439a5a4b7c93abbf2ef8570b61ae43/duckdb-1.2.0-cp312-cp312-macosx_12_0_arm64.whl", hash = "sha256:c0427501908d3b4fe464913b0ae2418ff52d1fa24b3982d864169b1d54b6bbee", size = 15253269 },
    { url = "https://files.pythonhosted.org/packages/c6/c5/0a44aab15bee5ae5cb26d4eff62cde294ab30008e7d79c20ae3506806642/duckdb-1.2.0-cp312-cp312-macosx_12_0_universal2.whl", hash = "sha256:33df2430f35e68739fd9fb6bbe1a5f86f4f46b362c9abb3a3f74a989560ef597", size = 31928134 },
    { url = "https://files.pythonhosted.org/packages/36/42/7b009c605f7e14aae2e97ae5a13ab732e48c013f66b2ef634d9eac1d106d/duckdb-1.2.0-cp312-cp312-macosx_12_0_x86_64.whl", hash = "sha256:fd8ca2910efb85f0dd0d50383eaed9b6b7e86e6cacb032c36712e84265855e58", size = 16785162 },
    { url = "https://files.pythonhosted.org/packages/af/37/dea4aaf505d8893873719342a69b61318188287fc63ad669031012be62f3/duckdb-1.2.0-cp312-cp312-manylinux_2_17_aarch64.manylinux2014_aarch64.whl", hash = "sha256:9747d3d2a3290c795c0343eb927dbc75ca78d0440726824c2a39d9634fba9394", size = 18708026 },
    { url = "https://files.pythonhosted.org/packages/d6/73/0f019556ea1558c3c7d376554bf77956bef9a7fef605bba1ba29b3092adb/duckdb-1.2.0-cp312-cp312-manylinux_2_17_x86_64.manylinux2014_x86_64.whl", hash = "sha256:91704accb74223267ae226f3470d71f7ad824549482b3f7fc91710a9fe5a1152", size = 20182548 },
    { url = "https://files.pythonhosted.org/packages/f4/96/34d14a62835983f92c0a492ad39ab28ccf79e61a71edd7c95f8f94776fb5/duckdb-1.2.0-cp312-cp312-manylinux_2_24_aarch64.manylinux_2_28_aarch64.whl", hash = "sha256:d9357737c6699b1f57e1d02b299371b2634bf08927d4e8386146ec5e4d1ebb31", size = 18378723 },
    { url = "https://files.pythonhosted.org/packages/70/6c/ddd22889033e9bb60ac216fb43c82796440491fa6d764eed34aae0496cc9/duckdb-1.2.0-cp312-cp312-musllinux_1_2_x86_64.whl", hash = "sha256:8d61ba5272dd1bf772b7a74f4964e83080602f8f6e9a46a0fa7203a4e0e05249", size = 21707163 },
    { url = "https://files.pythonhosted.org/packages/31/bc/65f19868c927285dd0ca50646861915e3e5f92a0d05e9e7d9e9faed2f16e/duckdb-1.2.0-cp312-cp312-win_amd64.whl", hash = "sha256:f317cfa2f6ff3bc209985715669f4b8dd601faa69e46a206163e53b8db61a1d1", size = 11351204 },
    { url = "https://files.pythonhosted.org/packages/4f/bf/6323895862cb696fd7cee3825204ad2f41db53cecadfc93068448492ec7a/duckdb-1.2.0-cp313-cp313-macosx_12_0_arm64.whl", hash = "sha256:7feaaf185e89138e3d0f4dc9bf647767df1a3f080b4be719837613cb9288b79e", size = 15253479 },
    { url = "https://files.pythonhosted.org/packages/10/7e/0d5d4a9c46f9f3c1b95abc39466452a34168ef465338671d625213e175f6/duckdb-1.2.0-cp313-cp313-macosx_12_0_universal2.whl", hash = "sha256:a52bb5991656cab0b90537c5e05746019be09c5f63535db03ddbff6f65b2ccb3", size = 31927430 },
    { url = "https://files.pythonhosted.org/packages/35/31/e3bf34ff89b111763b180315ebafa8ec1e12ffc82ca7def77dd79a356129/duckdb-1.2.0-cp313-cp313-macosx_12_0_x86_64.whl", hash = "sha256:4d10d5596667f82812b130f3e7fffb282a31c05525ee2f8adddfaa1a07529fe9", size = 16784897 },
    { url = "https://files.pythonhosted.org/packages/9d/e3/ece712e8b7aba4d463bc4222620ba8d6d3e599e89cbf69bc96b2d10d0671/duckdb-1.2.0-cp313-cp313-manylinux_2_17_aarch64.manylinux2014_aarch64.whl", hash = "sha256:436b7c0cd40a63fdce8477b03868026b60b2376cf155812be07392213b707874", size = 18708962 },
    { url = "https://files.pythonhosted.org/packages/5e/17/fb5bbcbc7f2441f21ae2aa74693dbca67219f5dfdeb57bad7af06d21ac4d/duckdb-1.2.0-cp313-cp313-manylinux_2_17_x86_64.manylinux2014_x86_64.whl", hash = "sha256:1c6b8464d9bd5770071d4a00a457b4c09974b930ccb1fe99991cfa8ddda0b905", size = 20181906 },
    { url = "https://files.pythonhosted.org/packages/69/42/6fa3c0899b10d16206a4d26640c423572d299025fec3249ac4fa37a39ae7/duckdb-1.2.0-cp313-cp313-manylinux_2_24_aarch64.manylinux_2_28_aarch64.whl", hash = "sha256:2835bc4828d2e1f8ad58f8ef946815af8beb55f9697e6e9d5a028b81abc02c62", size = 18377184 },
    { url = "https://files.pythonhosted.org/packages/e3/6d/d3bcf9b5bd6d0a98c509c31b833776869407e6d6a000e25d6661070013a2/duckdb-1.2.0-cp313-cp313-musllinux_1_2_x86_64.whl", hash = "sha256:b35284599ac6bf6a09ffd334bc7f4d5df47126bce054a0f73b53f3eac1a5688e", size = 21703527 },
    { url = "https://files.pythonhosted.org/packages/22/2c/95dada2a1ebd52d49c79d8ac869c3503d609caa11d775b009bce542783f1/duckdb-1.2.0-cp313-cp313-win_amd64.whl", hash = "sha256:5cf770fdd5244e47b3cbca6dd4ef2d13b6b9a6071f3fc7b55487e9ddff19e9cd", size = 11351098 },
    { url = "https://files.pythonhosted.org/packages/8c/92/c3533f44a3807e0615e9421666b934aeeeab0a3ebaf35787ab45b95ce64c/duckdb-1.2.0-cp38-cp38-macosx_12_0_arm64.whl", hash = "sha256:6effb33a2bed59ddaa53cb5e3cfb2ad47e2fb98a156f49073df7c755394ab52a", size = 15230872 },
    { url = "https://files.pythonhosted.org/packages/22/31/1454d520de7d40db6d7e34b3d6d0beb1f8952e6a122ebc81adce13973398/duckdb-1.2.0-cp38-cp38-macosx_12_0_universal2.whl", hash = "sha256:a405579b402e49ad5b52e58953e29a489c4f611a0c768088a50a086baea5e134", size = 31889160 },
    { url = "https://files.pythonhosted.org/packages/c4/be/f3138f5eda5534621b1cae579b4735c2481d493394e3719cfd767080a07c/duckdb-1.2.0-cp38-cp38-macosx_12_0_x86_64.whl", hash = "sha256:eb4ce9c6cfc0f45d1cf827e5a10294fdfd235e221aeebf10d3a31e898e3a2e0e", size = 16760763 },
    { url = "https://files.pythonhosted.org/packages/f4/0e/3c33959a938b9d682bd0f02a09ca0e0b373b6896794e1b7400199fe11f5e/duckdb-1.2.0-cp38-cp38-manylinux_2_17_aarch64.manylinux2014_aarch64.whl", hash = "sha256:648e2179e1a56cca884c1c993d12f07807f5a285d78972cb3a001736c8f6d332", size = 18704458 },
    { url = "https://files.pythonhosted.org/packages/92/9c/b190a1a08cee96cfd3a0b9c885daafbb3af1e343a32d9cb390b0cc7f95d9/duckdb-1.2.0-cp38-cp38-manylinux_2_17_x86_64.manylinux2014_x86_64.whl", hash = "sha256:1b88bf1cc28d76e23534ae1485c5fefcac610ee98f61b378ec255530387fbf93", size = 20166113 },
    { url = "https://files.pythonhosted.org/packages/77/f7/35758274aca8f3a9d8ba76525bc62935984b6f6f22444f79e404ea91b507/duckdb-1.2.0-cp38-cp38-manylinux_2_24_aarch64.manylinux_2_28_aarch64.whl", hash = "sha256:4548e068e8dfbda5839c3a5ed1f036f0773d984d02d933ee54395c864228fe9b", size = 18347925 },
    { url = "https://files.pythonhosted.org/packages/9e/6a/1725038a4b501f18173a0aa4ab1ea00385550ed5c29fd0f6f40f669e79b5/duckdb-1.2.0-cp38-cp38-win_amd64.whl", hash = "sha256:a679ab1ab14bc2adf9ce8bc06ae64b9312a63b93925becc8959ff38350d913de", size = 11351425 },
    { url = "https://files.pythonhosted.org/packages/ce/24/9f4cec184cd0b51309a340d068fba139c6ae711856dba4a74874c66aadf8/duckdb-1.2.0-cp39-cp39-macosx_12_0_arm64.whl", hash = "sha256:f802ddf4d87d319fd957d5dbc283db750c970909b6456bd3e3a51f61e153b524", size = 15232621 },
    { url = "https://files.pythonhosted.org/packages/4c/79/469bcc68fc1c959a6dfc1ad8032f6cbad03e5c8d642a42dbde331825357a/duckdb-1.2.0-cp39-cp39-macosx_12_0_universal2.whl", hash = "sha256:238093c290e63f010684a970e1af0780f8974b3a812b4f6a734d78a73658bd3d", size = 31890590 },
    { url = "https://files.pythonhosted.org/packages/d6/dd/084d038d948b240d482718eedf1297d3b63a0e2c890d6c4abc93a0fcd7db/duckdb-1.2.0-cp39-cp39-macosx_12_0_x86_64.whl", hash = "sha256:a7d2577229c699431f620bdd1e97175e558f8bfd0f56fa6bcc41f13841148b91", size = 16760665 },
    { url = "https://files.pythonhosted.org/packages/c0/44/efbbe3a35d55a86fe23f55d207309cadfb626f793d559145210f2851a989/duckdb-1.2.0-cp39-cp39-manylinux_2_17_aarch64.manylinux2014_aarch64.whl", hash = "sha256:8336c9e4c66ab7fd1ba8786a2551f96f2bbc9a8d6d86f109c5d4c86634635e4f", size = 18707133 },
    { url = "https://files.pythonhosted.org/packages/55/e6/aea827ebc97947ea127f1bbc5cbe00529e08622b20c58a42eb19ab724fd4/duckdb-1.2.0-cp39-cp39-manylinux_2_17_x86_64.manylinux2014_x86_64.whl", hash = "sha256:0d01a72a4c6ba78882bc5d184b0768c9ac4351406af3e43a9da5810400acbdee", size = 20167222 },
    { url = "https://files.pythonhosted.org/packages/c6/3c/9d33d6d3b67b45dd3a80e0f2d34dd2714ee615b28b9f5bde05b52cd8cf64/duckdb-1.2.0-cp39-cp39-manylinux_2_24_aarch64.manylinux_2_28_aarch64.whl", hash = "sha256:5b4d0b997702f74669ffb43283f3291ee05ca464b68deabee9a365cd40fc729e", size = 18351773 },
    { url = "https://files.pythonhosted.org/packages/ea/89/42c1efb65ac2c338de06dac4cd63081a7af81d7c4a5098e35ea8f6fe92d2/duckdb-1.2.0-cp39-cp39-musllinux_1_2_x86_64.whl", hash = "sha256:69ce703855e30aa253bf47a4002ee35a7c63ff970306879ae76ab355bfe03632", size = 21663190 },
    { url = "https://files.pythonhosted.org/packages/53/41/8a60a13a3bc0a396e563f132e94e761fc905e32ef08c10db65e88ddd006b/duckdb-1.2.0-cp39-cp39-win_amd64.whl", hash = "sha256:a58c0763068fac7cf202a5ac9c0f85c0b6044a98185d73b5f049f955fd10b4e8", size = 11384877 },
]

[[package]]
name = "duckdb-extension-arrow"
version = "1.2.0a0"
source = { editable = "extensions/duckdb_extension_arrow" }
dependencies = [
    { name = "duckdb" },
    { name = "importlib-resources", marker = "python_full_version < '3.9'" },
]

[package.metadata]
requires-dist = [
    { name = "duckdb", specifier = "==1.2.0" },
    { name = "importlib-resources", marker = "python_full_version < '3.9'", specifier = ">=3.0.0" },
]

[[package]]
name = "duckdb-extension-autocomplete"
version = "1.2.0a0"
source = { editable = "extensions/duckdb_extension_autocomplete" }
dependencies = [
    { name = "duckdb" },
    { name = "importlib-resources", marker = "python_full_version < '3.9'" },
]

[package.metadata]
requires-dist = [
    { name = "duckdb", specifier = "==1.2.0" },
    { name = "importlib-resources", marker = "python_full_version < '3.9'", specifier = ">=3.0.0" },
]

[[package]]
name = "duckdb-extension-aws"
version = "1.2.0a0"
source = { editable = "extensions/duckdb_extension_aws" }
dependencies = [
    { name = "duckdb" },
    { name = "importlib-resources", marker = "python_full_version < '3.9'" },
]

[package.metadata]
requires-dist = [
    { name = "duckdb", specifier = "==1.2.0" },
    { name = "importlib-resources", marker = "python_full_version < '3.9'", specifier = ">=3.0.0" },
]

[[package]]
name = "duckdb-extension-azure"
version = "1.2.0a0"
source = { editable = "extensions/duckdb_extension_azure" }
dependencies = [
    { name = "duckdb" },
    { name = "importlib-resources", marker = "python_full_version < '3.9'" },
]

[package.metadata]
requires-dist = [
    { name = "duckdb", specifier = "==1.2.0" },
    { name = "importlib-resources", marker = "python_full_version < '3.9'", specifier = ">=3.0.0" },
]

[[package]]
name = "duckdb-extension-delta"
version = "1.2.0a0"
source = { editable = "extensions/duckdb_extension_delta" }
dependencies = [
    { name = "duckdb" },
    { name = "importlib-resources", marker = "python_full_version < '3.9'" },
]

[package.metadata]
requires-dist = [
    { name = "duckdb", specifier = "==1.2.0" },
    { name = "importlib-resources", marker = "python_full_version < '3.9'", specifier = ">=3.0.0" },
]

[[package]]
name = "duckdb-extension-excel"
version = "1.2.0a0"
source = { editable = "extensions/duckdb_extension_excel" }
dependencies = [
    { name = "duckdb" },
    { name = "importlib-resources", marker = "python_full_version < '3.9'" },
]

[package.metadata]
requires-dist = [
    { name = "duckdb", specifier = "==1.2.0" },
    { name = "importlib-resources", marker = "python_full_version < '3.9'", specifier = ">=3.0.0" },
]

[[package]]
name = "duckdb-extension-fts"
version = "1.2.0a0"
source = { editable = "extensions/duckdb_extension_fts" }
dependencies = [
    { name = "duckdb" },
    { name = "importlib-resources", marker = "python_full_version < '3.9'" },
]

[package.metadata]
requires-dist = [
    { name = "duckdb", specifier = "==1.2.0" },
    { name = "importlib-resources", marker = "python_full_version < '3.9'", specifier = ">=3.0.0" },
]

[[package]]
name = "duckdb-extension-httpfs"
version = "1.2.0a0"
source = { editable = "extensions/duckdb_extension_httpfs" }
dependencies = [
    { name = "duckdb" },
    { name = "importlib-resources", marker = "python_full_version < '3.9'" },
]

[package.metadata]
requires-dist = [
    { name = "duckdb", specifier = "==1.2.0" },
    { name = "importlib-resources", marker = "python_full_version < '3.9'", specifier = ">=3.0.0" },
]

[[package]]
name = "duckdb-extension-iceberg"
version = "1.2.0a0"
source = { editable = "extensions/duckdb_extension_iceberg" }
dependencies = [
    { name = "duckdb" },
    { name = "importlib-resources", marker = "python_full_version < '3.9'" },
]

[package.metadata]
requires-dist = [
    { name = "duckdb", specifier = "==1.2.0" },
    { name = "importlib-resources", marker = "python_full_version < '3.9'", specifier = ">=3.0.0" },
]

[[package]]
name = "duckdb-extension-inet"
version = "1.2.0a0"
source = { editable = "extensions/duckdb_extension_inet" }
dependencies = [
    { name = "duckdb" },
    { name = "importlib-resources", marker = "python_full_version < '3.9'" },
]

[package.metadata]
requires-dist = [
    { name = "duckdb", specifier = "==1.2.0" },
    { name = "importlib-resources", marker = "python_full_version < '3.9'", specifier = ">=3.0.0" },
]

[[package]]
name = "duckdb-extension-json"
version = "1.2.0a0"
source = { editable = "extensions/duckdb_extension_json" }
dependencies = [
    { name = "duckdb" },
    { name = "importlib-resources", marker = "python_full_version < '3.9'" },
]

[package.metadata]
requires-dist = [
    { name = "duckdb", specifier = "==1.2.0" },
    { name = "importlib-resources", marker = "python_full_version < '3.9'", specifier = ">=3.0.0" },
]

[[package]]
name = "duckdb-extension-motherduck"
version = "1.2.0a0"
source = { editable = "extensions/duckdb_extension_motherduck" }
dependencies = [
    { name = "duckdb" },
    { name = "importlib-resources", marker = "python_full_version < '3.9'" },
]

[package.metadata]
requires-dist = [
    { name = "duckdb", specifier = "==1.2.0" },
    { name = "importlib-resources", marker = "python_full_version < '3.9'", specifier = ">=3.0.0" },
]

[[package]]
name = "duckdb-extension-mysql"
version = "1.2.0a0"
source = { editable = "extensions/duckdb_extension_mysql" }
dependencies = [
    { name = "duckdb" },
    { name = "importlib-resources", marker = "python_full_version < '3.9'" },
]

[package.metadata]
requires-dist = [
    { name = "duckdb", specifier = "==1.2.0" },
    { name = "importlib-resources", marker = "python_full_version < '3.9'", specifier = ">=3.0.0" },
]

[[package]]
name = "duckdb-extension-mysql-scanner"
version = "1.2.0a0"
source = { editable = "extensions/duckdb_extension_mysql_scanner" }
dependencies = [
    { name = "duckdb" },
    { name = "importlib-resources", marker = "python_full_version < '3.9'" },
]

[package.metadata]
requires-dist = [
    { name = "duckdb", specifier = "==1.2.0" },
    { name = "importlib-resources", marker = "python_full_version < '3.9'", specifier = ">=3.0.0" },
]

[[package]]
name = "duckdb-extension-parquet"
version = "1.2.0a0"
source = { editable = "extensions/duckdb_extension_parquet" }
dependencies = [
    { name = "duckdb" },
    { name = "importlib-resources", marker = "python_full_version < '3.9'" },
]

[package.metadata]
requires-dist = [
    { name = "duckdb", specifier = "==1.2.0" },
    { name = "importlib-resources", marker = "python_full_version < '3.9'", specifier = ">=3.0.0" },
]

[[package]]
name = "duckdb-extension-postgres"
version = "1.2.0a0"
source = { editable = "extensions/duckdb_extension_postgres" }
dependencies = [
    { name = "duckdb" },
    { name = "importlib-resources", marker = "python_full_version < '3.9'" },
]

[package.metadata]
requires-dist = [
    { name = "duckdb", specifier = "==1.2.0" },
    { name = "importlib-resources", marker = "python_full_version < '3.9'", specifier = ">=3.0.0" },
]

[[package]]
name = "duckdb-extension-postgres-scanner"
version = "1.2.0a0"
source = { editable = "extensions/duckdb_extension_postgres_scanner" }
dependencies = [
    { name = "duckdb" },
    { name = "importlib-resources", marker = "python_full_version < '3.9'" },
]

[package.metadata]
requires-dist = [
    { name = "duckdb", specifier = "==1.2.0" },
    { name = "importlib-resources", marker = "python_full_version < '3.9'", specifier = ">=3.0.0" },
]

[[package]]
name = "duckdb-extension-spatial"
version = "1.2.0a0"
source = { editable = "extensions/duckdb_extension_spatial" }
dependencies = [
    { name = "duckdb" },
    { name = "importlib-resources", marker = "python_full_version < '3.9'" },
]

[package.metadata]
requires-dist = [
    { name = "duckdb", specifier = "==1.2.0" },
    { name = "importlib-resources", marker = "python_full_version < '3.9'", specifier = ">=3.0.0" },
]

[[package]]
name = "duckdb-extension-sqlite"
version = "1.2.0a0"
source = { editable = "extensions/duckdb_extension_sqlite" }
dependencies = [
    { name = "duckdb" },
    { name = "importlib-resources", marker = "python_full_version < '3.9'" },
]

[package.metadata]
requires-dist = [
    { name = "duckdb", specifier = "==1.2.0" },
    { name = "importlib-resources", marker = "python_full_version < '3.9'", specifier = ">=3.0.0" },
]

[[package]]
name = "duckdb-extension-sqlite-scanner"
version = "1.2.0a0"
source = { editable = "extensions/duckdb_extension_sqlite_scanner" }
dependencies = [
    { name = "duckdb" },
    { name = "importlib-resources", marker = "python_full_version < '3.9'" },
]

[package.metadata]
requires-dist = [
    { name = "duckdb", specifier = "==1.2.0" },
    { name = "importlib-resources", marker = "python_full_version < '3.9'", specifier = ">=3.0.0" },
]

[[package]]
name = "duckdb-extension-sqlite3"
version = "1.2.0a0"
source = { editable = "extensions/duckdb_extension_sqlite3" }
dependencies = [
    { name = "duckdb" },
    { name = "importlib-resources", marker = "python_full_version < '3.9'" },
]

[package.metadata]
requires-dist = [
    { name = "duckdb", specifier = "==1.2.0" },
    { name = "importlib-resources", marker = "python_full_version < '3.9'", specifier = ">=3.0.0" },
]

[[package]]
name = "duckdb-extension-substrait"
version = "1.2.0a0"
source = { editable = "extensions/duckdb_extension_substrait" }
dependencies = [
    { name = "duckdb" },
    { name = "importlib-resources", marker = "python_full_version < '3.9'" },
]

[package.metadata]
requires-dist = [
    { name = "duckdb", specifier = "==1.2.0" },
    { name = "importlib-resources", marker = "python_full_version < '3.9'", specifier = ">=3.0.0" },
]

[[package]]
name = "duckdb-extension-tpcds"
version = "1.2.0a0"
source = { editable = "extensions/duckdb_extension_tpcds" }
dependencies = [
    { name = "duckdb" },
    { name = "importlib-resources", marker = "python_full_version < '3.9'" },
]

[package.metadata]
requires-dist = [
    { name = "duckdb", specifier = "==1.2.0" },
    { name = "importlib-resources", marker = "python_full_version < '3.9'", specifier = ">=3.0.0" },
]

[[package]]
name = "duckdb-extension-tpch"
version = "1.2.0a0"
source = { editable = "extensions/duckdb_extension_tpch" }
dependencies = [
    { name = "duckdb" },
    { name = "importlib-resources", marker = "python_full_version < '3.9'" },
]

[package.metadata]
requires-dist = [
    { name = "duckdb", specifier = "==1.2.0" },
    { name = "importlib-resources", marker = "python_full_version < '3.9'", specifier = ">=3.0.0" },
]

[[package]]
name = "duckdb-extension-vss"
version = "1.2.0a0"
source = { editable = "extensions/duckdb_extension_vss" }
dependencies = [
    { name = "duckdb" },
    { name = "importlib-resources", marker = "python_full_version < '3.9'" },
]

[package.metadata]
requires-dist = [
    { name = "duckdb", specifier = "==1.2.0" },
    { name = "importlib-resources", marker = "python_full_version < '3.9'", specifier = ">=3.0.0" },
]

[[package]]
name = "duckdb-extensions"
version = "1.2.0a0"
source = { editable = "." }
dependencies = [
    { name = "duckdb" },
    { name = "importlib-resources", marker = "python_full_version < '3.9'" },
]

[package.metadata]
requires-dist = [
    { name = "duckdb", specifier = "==1.2.0" },
    { name = "importlib-resources", marker = "python_full_version < '3.9'", specifier = ">=3.0.0" },
]

[[package]]
name = "importlib-resources"
version = "3.0.0"
source = { registry = "https://pypi.org/simple" }
sdist = { url = "https://files.pythonhosted.org/packages/46/0b/7973c432eae095b60db1a37d6bf2c693cb4290b4d38d92f1bafe503c853d/importlib_resources-3.0.0.tar.gz", hash = "sha256:19f745a6eca188b490b1428c8d1d4a0d2368759f32370ea8fb89cad2ab1106c3", size = 26725 }
wheels = [
    { url = "https://files.pythonhosted.org/packages/ba/03/0f9595c0c2ef12590877f3c47e5f579759ce5caf817f8256d5dcbd8a1177/importlib_resources-3.0.0-py2.py3-none-any.whl", hash = "sha256:d028f66b66c0d5732dae86ba4276999855e162a749c92620a38c1d779ed138a7", size = 23147 },
]
