version = 1
requires-python = ">=3.8"
resolution-markers = [
    "python_full_version < '3.9'",
    "python_full_version >= '3.9'",
]

[manifest]
members = [
    "duckdb-extension-arrow",
    "duckdb-extension-autocomplete",
    "duckdb-extension-aws",
    "duckdb-extension-azure",
    "duckdb-extension-delta",
    "duckdb-extension-excel",
    "duckdb-extension-httpfs",
    "duckdb-extension-iceberg",
    "duckdb-extension-inet",
    "duckdb-extension-motherduck",
    "duckdb-extension-mysql-scanner",
    "duckdb-extension-parquet",
    "duckdb-extension-postgres",
    "duckdb-extension-postgres-scanner",
    "duckdb-extension-spatial",
    "duckdb-extension-sqlite-scanner",
    "duckdb-extension-substrait",
    "duckdb-extension-vss",
    "duckdb-extensions",
]

[[package]]
name = "certifi"
version = "2024.7.4"
source = { registry = "https://pypi.org/simple" }
sdist = { url = "https://files.pythonhosted.org/packages/c2/02/a95f2b11e207f68bc64d7aae9666fed2e2b3f307748d5123dffb72a1bbea/certifi-2024.7.4.tar.gz", hash = "sha256:5a1e7645bc0ec61a09e26c36f6106dd4cf40c6db3a1fb6352b0244e7fb057c7b", size = 164065 }
wheels = [
    { url = "https://files.pythonhosted.org/packages/1c/d5/c84e1a17bf61d4df64ca866a1c9a913874b4e9bdc131ec689a0ad013fb36/certifi-2024.7.4-py3-none-any.whl", hash = "sha256:c198e21b1289c2ab85ee4e67bb4b4ef3ead0892059901a8d5b622f24a1101e90", size = 162960 },
]

[[package]]
name = "charset-normalizer"
version = "3.3.2"
source = { registry = "https://pypi.org/simple" }
sdist = { url = "https://files.pythonhosted.org/packages/63/09/c1bc53dab74b1816a00d8d030de5bf98f724c52c1635e07681d312f20be8/charset-normalizer-3.3.2.tar.gz", hash = "sha256:f30c3cb33b24454a82faecaf01b19c18562b1e89558fb6c56de4d9118a032fd5", size = 104809 }
wheels = [
    { url = "https://files.pythonhosted.org/packages/2b/61/095a0aa1a84d1481998b534177c8566fdc50bb1233ea9a0478cd3cc075bd/charset_normalizer-3.3.2-cp310-cp310-macosx_10_9_universal2.whl", hash = "sha256:25baf083bf6f6b341f4121c2f3c548875ee6f5339300e08be3f2b2ba1721cdd3", size = 194219 },
    { url = "https://files.pythonhosted.org/packages/cc/94/f7cf5e5134175de79ad2059edf2adce18e0685ebdb9227ff0139975d0e93/charset_normalizer-3.3.2-cp310-cp310-macosx_10_9_x86_64.whl", hash = "sha256:06435b539f889b1f6f4ac1758871aae42dc3a8c0e24ac9e60c2384973ad73027", size = 122521 },
    { url = "https://files.pythonhosted.org/packages/46/6a/d5c26c41c49b546860cc1acabdddf48b0b3fb2685f4f5617ac59261b44ae/charset_normalizer-3.3.2-cp310-cp310-macosx_11_0_arm64.whl", hash = "sha256:9063e24fdb1e498ab71cb7419e24622516c4a04476b17a2dab57e8baa30d6e03", size = 120383 },
    { url = "https://files.pythonhosted.org/packages/b8/60/e2f67915a51be59d4539ed189eb0a2b0d292bf79270410746becb32bc2c3/charset_normalizer-3.3.2-cp310-cp310-manylinux_2_17_aarch64.manylinux2014_aarch64.whl", hash = "sha256:6897af51655e3691ff853668779c7bad41579facacf5fd7253b0133308cf000d", size = 138223 },
    { url = "https://files.pythonhosted.org/packages/05/8c/eb854996d5fef5e4f33ad56927ad053d04dc820e4a3d39023f35cad72617/charset_normalizer-3.3.2-cp310-cp310-manylinux_2_17_ppc64le.manylinux2014_ppc64le.whl", hash = "sha256:1d3193f4a680c64b4b6a9115943538edb896edc190f0b222e73761716519268e", size = 148101 },
    { url = "https://files.pythonhosted.org/packages/f6/93/bb6cbeec3bf9da9b2eba458c15966658d1daa8b982c642f81c93ad9b40e1/charset_normalizer-3.3.2-cp310-cp310-manylinux_2_17_s390x.manylinux2014_s390x.whl", hash = "sha256:cd70574b12bb8a4d2aaa0094515df2463cb429d8536cfb6c7ce983246983e5a6", size = 140699 },
    { url = "https://files.pythonhosted.org/packages/da/f1/3702ba2a7470666a62fd81c58a4c40be00670e5006a67f4d626e57f013ae/charset_normalizer-3.3.2-cp310-cp310-manylinux_2_17_x86_64.manylinux2014_x86_64.whl", hash = "sha256:8465322196c8b4d7ab6d1e049e4c5cb460d0394da4a27d23cc242fbf0034b6b5", size = 142065 },
    { url = "https://files.pythonhosted.org/packages/3f/ba/3f5e7be00b215fa10e13d64b1f6237eb6ebea66676a41b2bcdd09fe74323/charset_normalizer-3.3.2-cp310-cp310-manylinux_2_5_i686.manylinux1_i686.manylinux_2_17_i686.manylinux2014_i686.whl", hash = "sha256:a9a8e9031d613fd2009c182b69c7b2c1ef8239a0efb1df3f7c8da66d5dd3d537", size = 144505 },
    { url = "https://files.pythonhosted.org/packages/33/c3/3b96a435c5109dd5b6adc8a59ba1d678b302a97938f032e3770cc84cd354/charset_normalizer-3.3.2-cp310-cp310-musllinux_1_1_aarch64.whl", hash = "sha256:beb58fe5cdb101e3a055192ac291b7a21e3b7ef4f67fa1d74e331a7f2124341c", size = 139425 },
    { url = "https://files.pythonhosted.org/packages/43/05/3bf613e719efe68fb3a77f9c536a389f35b95d75424b96b426a47a45ef1d/charset_normalizer-3.3.2-cp310-cp310-musllinux_1_1_i686.whl", hash = "sha256:e06ed3eb3218bc64786f7db41917d4e686cc4856944f53d5bdf83a6884432e12", size = 145287 },
    { url = "https://files.pythonhosted.org/packages/58/78/a0bc646900994df12e07b4ae5c713f2b3e5998f58b9d3720cce2aa45652f/charset_normalizer-3.3.2-cp310-cp310-musllinux_1_1_ppc64le.whl", hash = "sha256:2e81c7b9c8979ce92ed306c249d46894776a909505d8f5a4ba55b14206e3222f", size = 149929 },
    { url = "https://files.pythonhosted.org/packages/eb/5c/97d97248af4920bc68687d9c3b3c0f47c910e21a8ff80af4565a576bd2f0/charset_normalizer-3.3.2-cp310-cp310-musllinux_1_1_s390x.whl", hash = "sha256:572c3763a264ba47b3cf708a44ce965d98555f618ca42c926a9c1616d8f34269", size = 141605 },
    { url = "https://files.pythonhosted.org/packages/a8/31/47d018ef89f95b8aded95c589a77c072c55e94b50a41aa99c0a2008a45a4/charset_normalizer-3.3.2-cp310-cp310-musllinux_1_1_x86_64.whl", hash = "sha256:fd1abc0d89e30cc4e02e4064dc67fcc51bd941eb395c502aac3ec19fab46b519", size = 142646 },
    { url = "https://files.pythonhosted.org/packages/ae/d5/4fecf1d58bedb1340a50f165ba1c7ddc0400252d6832ff619c4568b36cc0/charset_normalizer-3.3.2-cp310-cp310-win32.whl", hash = "sha256:3d47fa203a7bd9c5b6cee4736ee84ca03b8ef23193c0d1ca99b5089f72645c73", size = 92846 },
    { url = "https://files.pythonhosted.org/packages/a2/a0/4af29e22cb5942488cf45630cbdd7cefd908768e69bdd90280842e4e8529/charset_normalizer-3.3.2-cp310-cp310-win_amd64.whl", hash = "sha256:10955842570876604d404661fbccbc9c7e684caf432c09c715ec38fbae45ae09", size = 100343 },
    { url = "https://files.pythonhosted.org/packages/68/77/02839016f6fbbf808e8b38601df6e0e66c17bbab76dff4613f7511413597/charset_normalizer-3.3.2-cp311-cp311-macosx_10_9_universal2.whl", hash = "sha256:802fe99cca7457642125a8a88a084cef28ff0cf9407060f7b93dca5aa25480db", size = 191647 },
    { url = "https://files.pythonhosted.org/packages/3e/33/21a875a61057165e92227466e54ee076b73af1e21fe1b31f1e292251aa1e/charset_normalizer-3.3.2-cp311-cp311-macosx_10_9_x86_64.whl", hash = "sha256:573f6eac48f4769d667c4442081b1794f52919e7edada77495aaed9236d13a96", size = 121434 },
    { url = "https://files.pythonhosted.org/packages/dd/51/68b61b90b24ca35495956b718f35a9756ef7d3dd4b3c1508056fa98d1a1b/charset_normalizer-3.3.2-cp311-cp311-macosx_11_0_arm64.whl", hash = "sha256:549a3a73da901d5bc3ce8d24e0600d1fa85524c10287f6004fbab87672bf3e1e", size = 118979 },
    { url = "https://files.pythonhosted.org/packages/e4/a6/7ee57823d46331ddc37dd00749c95b0edec2c79b15fc0d6e6efb532e89ac/charset_normalizer-3.3.2-cp311-cp311-manylinux_2_17_aarch64.manylinux2014_aarch64.whl", hash = "sha256:f27273b60488abe721a075bcca6d7f3964f9f6f067c8c4c605743023d7d3944f", size = 136582 },
    { url = "https://files.pythonhosted.org/packages/74/f1/0d9fe69ac441467b737ba7f48c68241487df2f4522dd7246d9426e7c690e/charset_normalizer-3.3.2-cp311-cp311-manylinux_2_17_ppc64le.manylinux2014_ppc64le.whl", hash = "sha256:1ceae2f17a9c33cb48e3263960dc5fc8005351ee19db217e9b1bb15d28c02574", size = 146645 },
    { url = "https://files.pythonhosted.org/packages/05/31/e1f51c76db7be1d4aef220d29fbfa5dbb4a99165d9833dcbf166753b6dc0/charset_normalizer-3.3.2-cp311-cp311-manylinux_2_17_s390x.manylinux2014_s390x.whl", hash = "sha256:65f6f63034100ead094b8744b3b97965785388f308a64cf8d7c34f2f2e5be0c4", size = 139398 },
    { url = "https://files.pythonhosted.org/packages/40/26/f35951c45070edc957ba40a5b1db3cf60a9dbb1b350c2d5bef03e01e61de/charset_normalizer-3.3.2-cp311-cp311-manylinux_2_17_x86_64.manylinux2014_x86_64.whl", hash = "sha256:753f10e867343b4511128c6ed8c82f7bec3bd026875576dfd88483c5c73b2fd8", size = 140273 },
    { url = "https://files.pythonhosted.org/packages/07/07/7e554f2bbce3295e191f7e653ff15d55309a9ca40d0362fcdab36f01063c/charset_normalizer-3.3.2-cp311-cp311-manylinux_2_5_i686.manylinux1_i686.manylinux_2_17_i686.manylinux2014_i686.whl", hash = "sha256:4a78b2b446bd7c934f5dcedc588903fb2f5eec172f3d29e52a9096a43722adfc", size = 142577 },
    { url = "https://files.pythonhosted.org/packages/d8/b5/eb705c313100defa57da79277d9207dc8d8e45931035862fa64b625bfead/charset_normalizer-3.3.2-cp311-cp311-musllinux_1_1_aarch64.whl", hash = "sha256:e537484df0d8f426ce2afb2d0f8e1c3d0b114b83f8850e5f2fbea0e797bd82ae", size = 137747 },
    { url = "https://files.pythonhosted.org/packages/19/28/573147271fd041d351b438a5665be8223f1dd92f273713cb882ddafe214c/charset_normalizer-3.3.2-cp311-cp311-musllinux_1_1_i686.whl", hash = "sha256:eb6904c354526e758fda7167b33005998fb68c46fbc10e013ca97f21ca5c8887", size = 143375 },
    { url = "https://files.pythonhosted.org/packages/cf/7c/f3b682fa053cc21373c9a839e6beba7705857075686a05c72e0f8c4980ca/charset_normalizer-3.3.2-cp311-cp311-musllinux_1_1_ppc64le.whl", hash = "sha256:deb6be0ac38ece9ba87dea880e438f25ca3eddfac8b002a2ec3d9183a454e8ae", size = 148474 },
    { url = "https://files.pythonhosted.org/packages/1e/49/7ab74d4ac537ece3bc3334ee08645e231f39f7d6df6347b29a74b0537103/charset_normalizer-3.3.2-cp311-cp311-musllinux_1_1_s390x.whl", hash = "sha256:4ab2fe47fae9e0f9dee8c04187ce5d09f48eabe611be8259444906793ab7cbce", size = 140232 },
    { url = "https://files.pythonhosted.org/packages/2d/dc/9dacba68c9ac0ae781d40e1a0c0058e26302ea0660e574ddf6797a0347f7/charset_normalizer-3.3.2-cp311-cp311-musllinux_1_1_x86_64.whl", hash = "sha256:80402cd6ee291dcb72644d6eac93785fe2c8b9cb30893c1af5b8fdd753b9d40f", size = 140859 },
    { url = "https://files.pythonhosted.org/packages/6c/c2/4a583f800c0708dd22096298e49f887b49d9746d0e78bfc1d7e29816614c/charset_normalizer-3.3.2-cp311-cp311-win32.whl", hash = "sha256:7cd13a2e3ddeed6913a65e66e94b51d80a041145a026c27e6bb76c31a853c6ab", size = 92509 },
    { url = "https://files.pythonhosted.org/packages/57/ec/80c8d48ac8b1741d5b963797b7c0c869335619e13d4744ca2f67fc11c6fc/charset_normalizer-3.3.2-cp311-cp311-win_amd64.whl", hash = "sha256:663946639d296df6a2bb2aa51b60a2454ca1cb29835324c640dafb5ff2131a77", size = 99870 },
    { url = "https://files.pythonhosted.org/packages/d1/b2/fcedc8255ec42afee97f9e6f0145c734bbe104aac28300214593eb326f1d/charset_normalizer-3.3.2-cp312-cp312-macosx_10_9_universal2.whl", hash = "sha256:0b2b64d2bb6d3fb9112bafa732def486049e63de9618b5843bcdd081d8144cd8", size = 192892 },
    { url = "https://files.pythonhosted.org/packages/2e/7d/2259318c202f3d17f3fe6438149b3b9e706d1070fe3fcbb28049730bb25c/charset_normalizer-3.3.2-cp312-cp312-macosx_10_9_x86_64.whl", hash = "sha256:ddbb2551d7e0102e7252db79ba445cdab71b26640817ab1e3e3648dad515003b", size = 122213 },
    { url = "https://files.pythonhosted.org/packages/3a/52/9f9d17c3b54dc238de384c4cb5a2ef0e27985b42a0e5cc8e8a31d918d48d/charset_normalizer-3.3.2-cp312-cp312-macosx_11_0_arm64.whl", hash = "sha256:55086ee1064215781fff39a1af09518bc9255b50d6333f2e4c74ca09fac6a8f6", size = 119404 },
    { url = "https://files.pythonhosted.org/packages/99/b0/9c365f6d79a9f0f3c379ddb40a256a67aa69c59609608fe7feb6235896e1/charset_normalizer-3.3.2-cp312-cp312-manylinux_2_17_aarch64.manylinux2014_aarch64.whl", hash = "sha256:8f4a014bc36d3c57402e2977dada34f9c12300af536839dc38c0beab8878f38a", size = 137275 },
    { url = "https://files.pythonhosted.org/packages/91/33/749df346e93d7a30cdcb90cbfdd41a06026317bfbfb62cd68307c1a3c543/charset_normalizer-3.3.2-cp312-cp312-manylinux_2_17_ppc64le.manylinux2014_ppc64le.whl", hash = "sha256:a10af20b82360ab00827f916a6058451b723b4e65030c5a18577c8b2de5b3389", size = 147518 },
    { url = "https://files.pythonhosted.org/packages/72/1a/641d5c9f59e6af4c7b53da463d07600a695b9824e20849cb6eea8a627761/charset_normalizer-3.3.2-cp312-cp312-manylinux_2_17_s390x.manylinux2014_s390x.whl", hash = "sha256:8d756e44e94489e49571086ef83b2bb8ce311e730092d2c34ca8f7d925cb20aa", size = 140182 },
    { url = "https://files.pythonhosted.org/packages/ee/fb/14d30eb4956408ee3ae09ad34299131fb383c47df355ddb428a7331cfa1e/charset_normalizer-3.3.2-cp312-cp312-manylinux_2_17_x86_64.manylinux2014_x86_64.whl", hash = "sha256:90d558489962fd4918143277a773316e56c72da56ec7aa3dc3dbbe20fdfed15b", size = 141869 },
    { url = "https://files.pythonhosted.org/packages/df/3e/a06b18788ca2eb6695c9b22325b6fde7dde0f1d1838b1792a0076f58fe9d/charset_normalizer-3.3.2-cp312-cp312-manylinux_2_5_i686.manylinux1_i686.manylinux_2_17_i686.manylinux2014_i686.whl", hash = "sha256:6ac7ffc7ad6d040517be39eb591cac5ff87416c2537df6ba3cba3bae290c0fed", size = 144042 },
    { url = "https://files.pythonhosted.org/packages/45/59/3d27019d3b447a88fe7e7d004a1e04be220227760264cc41b405e863891b/charset_normalizer-3.3.2-cp312-cp312-musllinux_1_1_aarch64.whl", hash = "sha256:7ed9e526742851e8d5cc9e6cf41427dfc6068d4f5a3bb03659444b4cabf6bc26", size = 138275 },
    { url = "https://files.pythonhosted.org/packages/7b/ef/5eb105530b4da8ae37d506ccfa25057961b7b63d581def6f99165ea89c7e/charset_normalizer-3.3.2-cp312-cp312-musllinux_1_1_i686.whl", hash = "sha256:8bdb58ff7ba23002a4c5808d608e4e6c687175724f54a5dade5fa8c67b604e4d", size = 144819 },
    { url = "https://files.pythonhosted.org/packages/a2/51/e5023f937d7f307c948ed3e5c29c4b7a3e42ed2ee0b8cdf8f3a706089bf0/charset_normalizer-3.3.2-cp312-cp312-musllinux_1_1_ppc64le.whl", hash = "sha256:6b3251890fff30ee142c44144871185dbe13b11bab478a88887a639655be1068", size = 149415 },
    { url = "https://files.pythonhosted.org/packages/24/9d/2e3ef673dfd5be0154b20363c5cdcc5606f35666544381bee15af3778239/charset_normalizer-3.3.2-cp312-cp312-musllinux_1_1_s390x.whl", hash = "sha256:b4a23f61ce87adf89be746c8a8974fe1c823c891d8f86eb218bb957c924bb143", size = 141212 },
    { url = "https://files.pythonhosted.org/packages/5b/ae/ce2c12fcac59cb3860b2e2d76dc405253a4475436b1861d95fe75bdea520/charset_normalizer-3.3.2-cp312-cp312-musllinux_1_1_x86_64.whl", hash = "sha256:efcb3f6676480691518c177e3b465bcddf57cea040302f9f4e6e191af91174d4", size = 142167 },
    { url = "https://files.pythonhosted.org/packages/ed/3a/a448bf035dce5da359daf9ae8a16b8a39623cc395a2ffb1620aa1bce62b0/charset_normalizer-3.3.2-cp312-cp312-win32.whl", hash = "sha256:d965bba47ddeec8cd560687584e88cf699fd28f192ceb452d1d7ee807c5597b7", size = 93041 },
    { url = "https://files.pythonhosted.org/packages/b6/7c/8debebb4f90174074b827c63242c23851bdf00a532489fba57fef3416e40/charset_normalizer-3.3.2-cp312-cp312-win_amd64.whl", hash = "sha256:96b02a3dc4381e5494fad39be677abcb5e6634bf7b4fa83a6dd3112607547001", size = 100397 },
    { url = "https://files.pythonhosted.org/packages/ef/d4/a1d72a8f6aa754fdebe91b848912025d30ab7dced61e9ed8aabbf791ed65/charset_normalizer-3.3.2-cp38-cp38-macosx_10_9_universal2.whl", hash = "sha256:6463effa3186ea09411d50efc7d85360b38d5f09b870c48e4600f63af490e56a", size = 191415 },
    { url = "https://files.pythonhosted.org/packages/13/82/83c188028b6f38d39538442dd127dc794c602ae6d45d66c469f4063a4c30/charset_normalizer-3.3.2-cp38-cp38-macosx_10_9_x86_64.whl", hash = "sha256:6c4caeef8fa63d06bd437cd4bdcf3ffefe6738fb1b25951440d80dc7df8c03ac", size = 121051 },
    { url = "https://files.pythonhosted.org/packages/16/ea/a9e284aa38cccea06b7056d4cbc7adf37670b1f8a668a312864abf1ff7c6/charset_normalizer-3.3.2-cp38-cp38-macosx_11_0_arm64.whl", hash = "sha256:37e55c8e51c236f95b033f6fb391d7d7970ba5fe7ff453dad675e88cf303377a", size = 119143 },
    { url = "https://files.pythonhosted.org/packages/34/2a/f392457d45e24a0c9bfc012887ed4f3c54bf5d4d05a5deb970ffec4b7fc0/charset_normalizer-3.3.2-cp38-cp38-manylinux_2_17_aarch64.manylinux2014_aarch64.whl", hash = "sha256:fb69256e180cb6c8a894fee62b3afebae785babc1ee98b81cdf68bbca1987f33", size = 137506 },
    { url = "https://files.pythonhosted.org/packages/be/4d/9e370f8281cec2fcc9452c4d1ac513324c32957c5f70c73dd2fa8442a21a/charset_normalizer-3.3.2-cp38-cp38-manylinux_2_17_ppc64le.manylinux2014_ppc64le.whl", hash = "sha256:ae5f4161f18c61806f411a13b0310bea87f987c7d2ecdbdaad0e94eb2e404238", size = 147272 },
    { url = "https://files.pythonhosted.org/packages/33/95/ef68482e4a6adf781fae8d183fb48d6f2be8facb414f49c90ba6a5149cd1/charset_normalizer-3.3.2-cp38-cp38-manylinux_2_17_s390x.manylinux2014_s390x.whl", hash = "sha256:b2b0a0c0517616b6869869f8c581d4eb2dd83a4d79e0ebcb7d373ef9956aeb0a", size = 139734 },
    { url = "https://files.pythonhosted.org/packages/3d/09/d82fe4a34c5f0585f9ea1df090e2a71eb9bb1e469723053e1ee9f57c16f3/charset_normalizer-3.3.2-cp38-cp38-manylinux_2_17_x86_64.manylinux2014_x86_64.whl", hash = "sha256:45485e01ff4d3630ec0d9617310448a8702f70e9c01906b0d0118bdf9d124cf2", size = 141094 },
    { url = "https://files.pythonhosted.org/packages/81/b2/160893421adfa3c45554fb418e321ed342bb10c0a4549e855b2b2a3699cb/charset_normalizer-3.3.2-cp38-cp38-manylinux_2_5_i686.manylinux1_i686.manylinux_2_17_i686.manylinux2014_i686.whl", hash = "sha256:eb00ed941194665c332bf8e078baf037d6c35d7c4f3102ea2d4f16ca94a26dc8", size = 144113 },
    { url = "https://files.pythonhosted.org/packages/9e/ef/cd47a63d3200b232792e361cd67530173a09eb011813478b1c0fb8aa7226/charset_normalizer-3.3.2-cp38-cp38-musllinux_1_1_aarch64.whl", hash = "sha256:2127566c664442652f024c837091890cb1942c30937add288223dc895793f898", size = 138555 },
    { url = "https://files.pythonhosted.org/packages/a8/6f/4ff299b97da2ed6358154b6eb3a2db67da2ae204e53d205aacb18a7e4f34/charset_normalizer-3.3.2-cp38-cp38-musllinux_1_1_i686.whl", hash = "sha256:a50aebfa173e157099939b17f18600f72f84eed3049e743b68ad15bd69b6bf99", size = 144944 },
    { url = "https://files.pythonhosted.org/packages/d1/2f/0d1efd07c74c52b6886c32a3b906fb8afd2fecf448650e73ecb90a5a27f1/charset_normalizer-3.3.2-cp38-cp38-musllinux_1_1_ppc64le.whl", hash = "sha256:4d0d1650369165a14e14e1e47b372cfcb31d6ab44e6e33cb2d4e57265290044d", size = 148925 },
    { url = "https://files.pythonhosted.org/packages/bd/28/7ea29e73eea52c7e15b4b9108d0743fc9e4cc2cdb00d275af1df3d46d360/charset_normalizer-3.3.2-cp38-cp38-musllinux_1_1_s390x.whl", hash = "sha256:923c0c831b7cfcb071580d3f46c4baf50f174be571576556269530f4bbd79d04", size = 140732 },
    { url = "https://files.pythonhosted.org/packages/b3/c1/ebca8e87c714a6a561cfee063f0655f742e54b8ae6e78151f60ba8708b3a/charset_normalizer-3.3.2-cp38-cp38-musllinux_1_1_x86_64.whl", hash = "sha256:06a81e93cd441c56a9b65d8e1d043daeb97a3d0856d177d5c90ba85acb3db087", size = 141288 },
    { url = "https://files.pythonhosted.org/packages/74/20/8923a06f15eb3d7f6a306729360bd58f9ead1dc39bc7ea8831f4b407e4ae/charset_normalizer-3.3.2-cp38-cp38-win32.whl", hash = "sha256:6ef1d82a3af9d3eecdba2321dc1b3c238245d890843e040e41e470ffa64c3e25", size = 92373 },
    { url = "https://files.pythonhosted.org/packages/db/fb/d29e343e7c57bbf1231275939f6e75eb740cd47a9d7cb2c52ffeb62ef869/charset_normalizer-3.3.2-cp38-cp38-win_amd64.whl", hash = "sha256:eb8821e09e916165e160797a6c17edda0679379a4be5c716c260e836e122f54b", size = 99577 },
    { url = "https://files.pythonhosted.org/packages/f7/9d/bcf4a449a438ed6f19790eee543a86a740c77508fbc5ddab210ab3ba3a9a/charset_normalizer-3.3.2-cp39-cp39-macosx_10_9_universal2.whl", hash = "sha256:c235ebd9baae02f1b77bcea61bce332cb4331dc3617d254df3323aa01ab47bd4", size = 194198 },
    { url = "https://files.pythonhosted.org/packages/66/fe/c7d3da40a66a6bf2920cce0f436fa1f62ee28aaf92f412f0bf3b84c8ad6c/charset_normalizer-3.3.2-cp39-cp39-macosx_10_9_x86_64.whl", hash = "sha256:5b4c145409bef602a690e7cfad0a15a55c13320ff7a3ad7ca59c13bb8ba4d45d", size = 122494 },
    { url = "https://files.pythonhosted.org/packages/2a/9d/a6d15bd1e3e2914af5955c8eb15f4071997e7078419328fee93dfd497eb7/charset_normalizer-3.3.2-cp39-cp39-macosx_11_0_arm64.whl", hash = "sha256:68d1f8a9e9e37c1223b656399be5d6b448dea850bed7d0f87a8311f1ff3dabb0", size = 120393 },
    { url = "https://files.pythonhosted.org/packages/3d/85/5b7416b349609d20611a64718bed383b9251b5a601044550f0c8983b8900/charset_normalizer-3.3.2-cp39-cp39-manylinux_2_17_aarch64.manylinux2014_aarch64.whl", hash = "sha256:22afcb9f253dac0696b5a4be4a1c0f8762f8239e21b99680099abd9b2b1b2269", size = 138331 },
    { url = "https://files.pythonhosted.org/packages/79/66/8946baa705c588521afe10b2d7967300e49380ded089a62d38537264aece/charset_normalizer-3.3.2-cp39-cp39-manylinux_2_17_ppc64le.manylinux2014_ppc64le.whl", hash = "sha256:e27ad930a842b4c5eb8ac0016b0a54f5aebbe679340c26101df33424142c143c", size = 148097 },
    { url = "https://files.pythonhosted.org/packages/44/80/b339237b4ce635b4af1c73742459eee5f97201bd92b2371c53e11958392e/charset_normalizer-3.3.2-cp39-cp39-manylinux_2_17_s390x.manylinux2014_s390x.whl", hash = "sha256:1f79682fbe303db92bc2b1136016a38a42e835d932bab5b3b1bfcfbf0640e519", size = 140711 },
    { url = "https://files.pythonhosted.org/packages/98/69/5d8751b4b670d623aa7a47bef061d69c279e9f922f6705147983aa76c3ce/charset_normalizer-3.3.2-cp39-cp39-manylinux_2_17_x86_64.manylinux2014_x86_64.whl", hash = "sha256:b261ccdec7821281dade748d088bb6e9b69e6d15b30652b74cbbac25e280b796", size = 142251 },
    { url = "https://files.pythonhosted.org/packages/1f/8d/33c860a7032da5b93382cbe2873261f81467e7b37f4ed91e25fed62fd49b/charset_normalizer-3.3.2-cp39-cp39-manylinux_2_5_i686.manylinux1_i686.manylinux_2_17_i686.manylinux2014_i686.whl", hash = "sha256:122c7fa62b130ed55f8f285bfd56d5f4b4a5b503609d181f9ad85e55c89f4185", size = 144636 },
    { url = "https://files.pythonhosted.org/packages/c2/65/52aaf47b3dd616c11a19b1052ce7fa6321250a7a0b975f48d8c366733b9f/charset_normalizer-3.3.2-cp39-cp39-musllinux_1_1_aarch64.whl", hash = "sha256:d0eccceffcb53201b5bfebb52600a5fb483a20b61da9dbc885f8b103cbe7598c", size = 139514 },
    { url = "https://files.pythonhosted.org/packages/51/fd/0ee5b1c2860bb3c60236d05b6e4ac240cf702b67471138571dad91bcfed8/charset_normalizer-3.3.2-cp39-cp39-musllinux_1_1_i686.whl", hash = "sha256:9f96df6923e21816da7e0ad3fd47dd8f94b2a5ce594e00677c0013018b813458", size = 145528 },
    { url = "https://files.pythonhosted.org/packages/e1/9c/60729bf15dc82e3aaf5f71e81686e42e50715a1399770bcde1a9e43d09db/charset_normalizer-3.3.2-cp39-cp39-musllinux_1_1_ppc64le.whl", hash = "sha256:7f04c839ed0b6b98b1a7501a002144b76c18fb1c1850c8b98d458ac269e26ed2", size = 149804 },
    { url = "https://files.pythonhosted.org/packages/53/cd/aa4b8a4d82eeceb872f83237b2d27e43e637cac9ffaef19a1321c3bafb67/charset_normalizer-3.3.2-cp39-cp39-musllinux_1_1_s390x.whl", hash = "sha256:34d1c8da1e78d2e001f363791c98a272bb734000fcef47a491c1e3b0505657a8", size = 141708 },
    { url = "https://files.pythonhosted.org/packages/54/7f/cad0b328759630814fcf9d804bfabaf47776816ad4ef2e9938b7e1123d04/charset_normalizer-3.3.2-cp39-cp39-musllinux_1_1_x86_64.whl", hash = "sha256:ff8fa367d09b717b2a17a052544193ad76cd49979c805768879cb63d9ca50561", size = 142708 },
    { url = "https://files.pythonhosted.org/packages/c1/9d/254a2f1bcb0ce9acad838e94ed05ba71a7cb1e27affaa4d9e1ca3958cdb6/charset_normalizer-3.3.2-cp39-cp39-win32.whl", hash = "sha256:aed38f6e4fb3f5d6bf81bfa990a07806be9d83cf7bacef998ab1a9bd660a581f", size = 92830 },
    { url = "https://files.pythonhosted.org/packages/2f/0e/d7303ccae9735ff8ff01e36705ad6233ad2002962e8668a970fc000c5e1b/charset_normalizer-3.3.2-cp39-cp39-win_amd64.whl", hash = "sha256:b01b88d45a6fcb69667cd6d2f7a9aeb4bf53760d7fc536bf679ec94fe9f3ff3d", size = 100376 },
    { url = "https://files.pythonhosted.org/packages/28/76/e6222113b83e3622caa4bb41032d0b1bf785250607392e1b778aca0b8a7d/charset_normalizer-3.3.2-py3-none-any.whl", hash = "sha256:3e4d1f6587322d2788836a99c69062fbb091331ec940e02d12d179c1d53e25fc", size = 48543 },
]

[[package]]
name = "duckdb"
version = "1.0.0"
source = { registry = "https://pypi.org/simple" }
sdist = { url = "https://files.pythonhosted.org/packages/70/6b/dd0c791af51cb464bc6ba57394d1ce6730ea528776314b24fce534258377/duckdb-1.0.0.tar.gz", hash = "sha256:a2a059b77bc7d5b76ae9d88e267372deff19c291048d59450c431e166233d453", size = 11351622 }
wheels = [
    { url = "https://files.pythonhosted.org/packages/3f/de/1520b47dfa6a676f5db6753d61d25d5cda031ee9ada71fa7817e10587964/duckdb-1.0.0-cp310-cp310-macosx_12_0_arm64.whl", hash = "sha256:4a8ce2d1f9e1c23b9bab3ae4ca7997e9822e21563ff8f646992663f66d050211", size = 13982853 },
    { url = "https://files.pythonhosted.org/packages/a4/35/0b476baa6a7abb6061375f34124689a4a9ad74d0b7fe985efdb0682f544b/duckdb-1.0.0-cp310-cp310-macosx_12_0_universal2.whl", hash = "sha256:19797670f20f430196e48d25d082a264b66150c264c1e8eae8e22c64c2c5f3f5", size = 29217301 },
    { url = "https://files.pythonhosted.org/packages/c7/a1/0dde573bd99073cb536568bb671ccc28f956283973a8b41237de985bbcb8/duckdb-1.0.0-cp310-cp310-macosx_12_0_x86_64.whl", hash = "sha256:b71c342090fe117b35d866a91ad6bffce61cd6ff3e0cff4003f93fc1506da0d8", size = 15318451 },
    { url = "https://files.pythonhosted.org/packages/8f/9a/15ecbe6aedf7b0ed9a32ccd5a3e27a7e676ea9f221c04238a1626e429fb6/duckdb-1.0.0-cp310-cp310-manylinux_2_17_aarch64.manylinux2014_aarch64.whl", hash = "sha256:25dd69f44ad212c35ae2ea736b0e643ea2b70f204b8dff483af1491b0e2a4cec", size = 16944153 },
    { url = "https://files.pythonhosted.org/packages/8e/0b/2ed03fed6ef6ee5b8c84b2755fd9ae5aba5774336680a9a3f38e60f811c0/duckdb-1.0.0-cp310-cp310-manylinux_2_17_x86_64.manylinux2014_x86_64.whl", hash = "sha256:8da5f293ecb4f99daa9a9352c5fd1312a6ab02b464653a0c3a25ab7065c45d4d", size = 18511268 },
    { url = "https://files.pythonhosted.org/packages/be/82/8f234f7408485384e3dc5ebe021e38b4f9d6d2b03342633909d25b1ec7da/duckdb-1.0.0-cp310-cp310-manylinux_2_24_aarch64.manylinux_2_28_aarch64.whl", hash = "sha256:3207936da9967ddbb60644ec291eb934d5819b08169bc35d08b2dedbe7068c60", size = 16739989 },
    { url = "https://files.pythonhosted.org/packages/80/55/94c28fcaf930939aff4b6997f2ca8a6185a5a92b5f6c2ff2ec903adc5b98/duckdb-1.0.0-cp310-cp310-musllinux_1_2_x86_64.whl", hash = "sha256:1128d6c9c33e883b1f5df6b57c1eb46b7ab1baf2650912d77ee769aaa05111f9", size = 19957866 },
    { url = "https://files.pythonhosted.org/packages/dc/ed/31f952b11efb184c558933aaf6b3b50f3fcf63d27b6c346643c21dc58239/duckdb-1.0.0-cp310-cp310-win_amd64.whl", hash = "sha256:02310d263474d0ac238646677feff47190ffb82544c018b2ff732a4cb462c6ef", size = 9924231 },
    { url = "https://files.pythonhosted.org/packages/72/da/ad362fd3d9f202ef0cc81203e5cd4924b7eac5bd66843dc873d7ed162eef/duckdb-1.0.0-cp311-cp311-macosx_12_0_arm64.whl", hash = "sha256:75586791ab2702719c284157b65ecefe12d0cca9041da474391896ddd9aa71a4", size = 13983515 },
    { url = "https://files.pythonhosted.org/packages/a1/5e/7a652b24a9d7f7bbea850b293c466ed9455baf2855ec5459fd91503dc6a1/duckdb-1.0.0-cp311-cp311-macosx_12_0_universal2.whl", hash = "sha256:83bb415fc7994e641344f3489e40430ce083b78963cb1057bf714ac3a58da3ba", size = 29223708 },
    { url = "https://files.pythonhosted.org/packages/58/b3/91e6c7301110d66cfabcddc73c524a125dcdf5d189477ff5ddb6fa311f51/duckdb-1.0.0-cp311-cp311-macosx_12_0_x86_64.whl", hash = "sha256:bee2e0b415074e84c5a2cefd91f6b5ebeb4283e7196ba4ef65175a7cef298b57", size = 15322408 },
    { url = "https://files.pythonhosted.org/packages/97/de/c704efe0a5fe0308b07adb00c46c8a058c0d6e45e2a04785eb35e90d13b0/duckdb-1.0.0-cp311-cp311-manylinux_2_17_aarch64.manylinux2014_aarch64.whl", hash = "sha256:fa5a4110d2a499312609544ad0be61e85a5cdad90e5b6d75ad16b300bf075b90", size = 16954109 },
    { url = "https://files.pythonhosted.org/packages/89/74/94f27afff84f8aba7e01049b6686967fc27ba79e9df095b8b43b87701f8d/duckdb-1.0.0-cp311-cp311-manylinux_2_17_x86_64.manylinux2014_x86_64.whl", hash = "sha256:5fa389e6a382d4707b5f3d1bc2087895925ebb92b77e9fe3bfb23c9b98372fdc", size = 18514909 },
    { url = "https://files.pythonhosted.org/packages/08/7b/d646a7483d9d00d3438d264773dc2c65e447d2456694934c2ef734626c92/duckdb-1.0.0-cp311-cp311-manylinux_2_24_aarch64.manylinux_2_28_aarch64.whl", hash = "sha256:7ede6f5277dd851f1a4586b0c78dc93f6c26da45e12b23ee0e88c76519cbdbe0", size = 16745000 },
    { url = "https://files.pythonhosted.org/packages/5f/f2/f3ff0aa9d15bbefec9a19a2ae8d2ab4db91561bcb0c4ade14e929a8dfcdd/duckdb-1.0.0-cp311-cp311-musllinux_1_2_x86_64.whl", hash = "sha256:0b88cdbc0d5c3e3d7545a341784dc6cafd90fc035f17b2f04bf1e870c68456e5", size = 19964832 },
    { url = "https://files.pythonhosted.org/packages/99/cc/e7ac5431a57e6a721f66dc423be58275ad48c9aecc1a12a5f4692e3da4b5/duckdb-1.0.0-cp311-cp311-win_amd64.whl", hash = "sha256:fd1693cdd15375156f7fff4745debc14e5c54928589f67b87fb8eace9880c370", size = 9927748 },
    { url = "https://files.pythonhosted.org/packages/e0/59/597114db47710e327628aa1682fc2b1c0cf797adb84435788cb63771ac0a/duckdb-1.0.0-cp312-cp312-macosx_12_0_arm64.whl", hash = "sha256:c65a7fe8a8ce21b985356ee3ec0c3d3b3b2234e288e64b4cfb03356dbe6e5583", size = 13991938 },
    { url = "https://files.pythonhosted.org/packages/23/cf/d7d1731be8bdcccd420aa86a8047907aa7c955ad673540e23e41c5662652/duckdb-1.0.0-cp312-cp312-macosx_12_0_universal2.whl", hash = "sha256:e5a8eda554379b3a43b07bad00968acc14dd3e518c9fbe8f128b484cf95e3d16", size = 29246840 },
    { url = "https://files.pythonhosted.org/packages/5a/36/1d64479d2d18df03b1e470555de4d4e8c60646239ed1bed86f39046d58dd/duckdb-1.0.0-cp312-cp312-macosx_12_0_x86_64.whl", hash = "sha256:a1b6acdd54c4a7b43bd7cb584975a1b2ff88ea1a31607a2b734b17960e7d3088", size = 15339710 },
    { url = "https://files.pythonhosted.org/packages/2a/6b/a6200d419f4c7c70184a8f6f3cd78940ce4bd8363050a9b045867147966d/duckdb-1.0.0-cp312-cp312-manylinux_2_17_aarch64.manylinux2014_aarch64.whl", hash = "sha256:a677bb1b6a8e7cab4a19874249d8144296e6e39dae38fce66a80f26d15e670df", size = 16941025 },
    { url = "https://files.pythonhosted.org/packages/03/57/2b2998e5278b22648a72808c9fcfa33136c71ea99d63ceab1bfd35d363ce/duckdb-1.0.0-cp312-cp312-manylinux_2_17_x86_64.manylinux2014_x86_64.whl", hash = "sha256:752e9d412b0a2871bf615a2ede54be494c6dc289d076974eefbf3af28129c759", size = 18511418 },
    { url = "https://files.pythonhosted.org/packages/a8/95/fda4a0a5b6dbf087785925bfc11c0dc3688cd7ceeb87538df7c42fd65d19/duckdb-1.0.0-cp312-cp312-manylinux_2_24_aarch64.manylinux_2_28_aarch64.whl", hash = "sha256:3aadb99d098c5e32d00dc09421bc63a47134a6a0de9d7cd6abf21780b678663c", size = 16750967 },
    { url = "https://files.pythonhosted.org/packages/2d/63/59ca942e89d60a1569105d177b814608fbf31d937cf9bbc16e48f408a367/duckdb-1.0.0-cp312-cp312-musllinux_1_2_x86_64.whl", hash = "sha256:83b7091d4da3e9301c4f9378833f5ffe934fb1ad2b387b439ee067b2c10c8bb0", size = 19971530 },
    { url = "https://files.pythonhosted.org/packages/b7/46/74e477f8a20d2da027917fd9e271f0897b54b0af8677b23afa2536a45b31/duckdb-1.0.0-cp312-cp312-win_amd64.whl", hash = "sha256:6a8058d0148b544694cb5ea331db44f6c2a00a7b03776cc4dd1470735c3d5ff7", size = 9931757 },
    { url = "https://files.pythonhosted.org/packages/09/a3/f268d89041b2f4afb41746e67a2129871b2f842ba88adc9fe6b506953fa0/duckdb-1.0.0-cp38-cp38-macosx_12_0_arm64.whl", hash = "sha256:1bea713c1925918714328da76e79a1f7651b2b503511498ccf5e007a7e67d49e", size = 13981523 },
    { url = "https://files.pythonhosted.org/packages/64/5b/49485a752c68bec3020dd4a650620293f3c94f874d581e753624bf59df65/duckdb-1.0.0-cp38-cp38-macosx_12_0_universal2.whl", hash = "sha256:bfe67f3bcf181edbf6f918b8c963eb060e6aa26697d86590da4edc5707205450", size = 29212852 },
    { url = "https://files.pythonhosted.org/packages/78/90/fbb5ddf1e2ded93a3fd4b9fe6d546f3b12f77ffa6a1b2ffead9db1f6cb12/duckdb-1.0.0-cp38-cp38-macosx_12_0_x86_64.whl", hash = "sha256:dbc6093a75242f002be1d96a6ace3fdf1d002c813e67baff52112e899de9292f", size = 15317081 },
    { url = "https://files.pythonhosted.org/packages/97/25/6a6770ad4ae0a74cfea7304c1ccbfed1e0fea09ea7041b65742133f7ef61/duckdb-1.0.0-cp38-cp38-manylinux_2_17_aarch64.manylinux2014_aarch64.whl", hash = "sha256:ba1881a2b11c507cee18f8fd9ef10100be066fddaa2c20fba1f9a664245cd6d8", size = 16941346 },
    { url = "https://files.pythonhosted.org/packages/2b/ca/5c7367976c76bae5278eaa804ff44ae76cf3fa6f059d07c85c40c0a8e2fb/duckdb-1.0.0-cp38-cp38-manylinux_2_17_x86_64.manylinux2014_x86_64.whl", hash = "sha256:445d0bb35087c522705c724a75f9f1c13f1eb017305b694d2686218d653c8142", size = 18510252 },
    { url = "https://files.pythonhosted.org/packages/fb/36/852bd42c4c8dabf6de3f501f5160bc685e15cc355f06bacaeecd8b7a5e2a/duckdb-1.0.0-cp38-cp38-manylinux_2_24_aarch64.manylinux_2_28_aarch64.whl", hash = "sha256:224553432e84432ffb9684f33206572477049b371ce68cc313a01e214f2fbdda", size = 16738955 },
    { url = "https://files.pythonhosted.org/packages/20/89/228e8279642a67823d597d5ee62a7dd782ebdf107a79a735f8b6f446312d/duckdb-1.0.0-cp38-cp38-musllinux_1_2_x86_64.whl", hash = "sha256:d3914032e47c4e76636ad986d466b63fdea65e37be8a6dfc484ed3f462c4fde4", size = 19943064 },
    { url = "https://files.pythonhosted.org/packages/f4/3b/e4edc49436158579763f28ea90a1dd007eeaba9f49f2d187cf469a66512d/duckdb-1.0.0-cp38-cp38-win_amd64.whl", hash = "sha256:af9128a2eb7e1bb50cd2c2020d825fb2946fdad0a2558920cd5411d998999334", size = 9925767 },
    { url = "https://files.pythonhosted.org/packages/4a/92/d3073913fbb9e415be5b44a4f69029187b60b82873c414172571be879d1d/duckdb-1.0.0-cp39-cp39-macosx_12_0_arm64.whl", hash = "sha256:dd2659a5dbc0df0de68f617a605bf12fe4da85ba24f67c08730984a0892087e8", size = 13982350 },
    { url = "https://files.pythonhosted.org/packages/39/88/dfd07d0a9392beccef8a96f2f566e9e638d5ce453aa4c476b561554f1af7/duckdb-1.0.0-cp39-cp39-macosx_12_0_universal2.whl", hash = "sha256:ac5a4afb0bc20725e734e0b2c17e99a274de4801aff0d4e765d276b99dad6d90", size = 29215501 },
    { url = "https://files.pythonhosted.org/packages/94/91/be6dc2d2bd044406afb827cf72b768202b35e7dd90603296531d8e69bc9b/duckdb-1.0.0-cp39-cp39-macosx_12_0_x86_64.whl", hash = "sha256:2c5a53bee3668d6e84c0536164589d5127b23d298e4c443d83f55e4150fafe61", size = 15317945 },
    { url = "https://files.pythonhosted.org/packages/72/e9/1c000a8c2ab686080b11d53c227bf313688ae2acbe81c10821dacb8daf2f/duckdb-1.0.0-cp39-cp39-manylinux_2_17_aarch64.manylinux2014_aarch64.whl", hash = "sha256:b980713244d7708b25ee0a73de0c65f0e5521c47a0e907f5e1b933d79d972ef6", size = 16942486 },
    { url = "https://files.pythonhosted.org/packages/02/4a/2ca5c27c0a364967345fa65c89680b26b2ccca520f4e4350a385ba8ffc1b/duckdb-1.0.0-cp39-cp39-manylinux_2_17_x86_64.manylinux2014_x86_64.whl", hash = "sha256:21cbd4f9fe7b7a56eff96c3f4d6778770dd370469ca2212eddbae5dd63749db5", size = 18514875 },
    { url = "https://files.pythonhosted.org/packages/19/45/f6d477db0df0404e1057ec5d25418ba73d699b105de55338f563b8af52b9/duckdb-1.0.0-cp39-cp39-manylinux_2_24_aarch64.manylinux_2_28_aarch64.whl", hash = "sha256:ed228167c5d49888c5ef36f6f9cbf65011c2daf9dcb53ea8aa7a041ce567b3e4", size = 16742994 },
    { url = "https://files.pythonhosted.org/packages/60/0c/0aad0ee650b96925893feb7896ac881a0221fcdd1587f57ac98d00bf05e3/duckdb-1.0.0-cp39-cp39-musllinux_1_2_x86_64.whl", hash = "sha256:46d8395fbcea7231fd5032a250b673cc99352fef349b718a23dea2c0dd2b8dec", size = 19942574 },
    { url = "https://files.pythonhosted.org/packages/fb/e4/1df9aae28075ddfe75cb3fb18bd3faeebe8cba4b14e80fba368c5a4ee3e7/duckdb-1.0.0-cp39-cp39-win_amd64.whl", hash = "sha256:6ad1fc1a4d57e7616944166a5f9417bdbca1ea65c490797e3786e3a42e162d8a", size = 9951530 },
]

[[package]]
name = "duckdb-extension-arrow"
version = "1.0.3"
source = { editable = "extensions/duckdb_extension_arrow" }
dependencies = [
    { name = "duckdb" },
    { name = "importlib-resources", marker = "python_full_version < '3.9'" },
    { name = "requests" },
]

[package.metadata]
requires-dist = [
    { name = "duckdb", specifier = ">=1.0.0" },
    { name = "importlib-resources", marker = "python_full_version < '3.9'", specifier = "==3.0.0" },
    { name = "requests", specifier = ">=1.0.0" },
]

[[package]]
name = "duckdb-extension-autocomplete"
version = "1.0.3"
source = { editable = "extensions/duckdb_extension_autocomplete" }
dependencies = [
    { name = "duckdb" },
    { name = "importlib-resources", marker = "python_full_version < '3.9'" },
    { name = "requests" },
]

[package.metadata]
requires-dist = [
    { name = "duckdb", specifier = ">=1.0.0" },
    { name = "importlib-resources", marker = "python_full_version < '3.9'", specifier = "==3.0.0" },
    { name = "requests", specifier = ">=1.0.0" },
]

[[package]]
name = "duckdb-extension-aws"
version = "1.0.3"
source = { editable = "extensions/duckdb_extension_aws" }
dependencies = [
    { name = "duckdb" },
    { name = "importlib-resources", marker = "python_full_version < '3.9'" },
    { name = "requests" },
]

[package.metadata]
requires-dist = [
    { name = "duckdb", specifier = ">=1.0.0" },
    { name = "importlib-resources", marker = "python_full_version < '3.9'", specifier = "==3.0.0" },
    { name = "requests", specifier = ">=1.0.0" },
]

[[package]]
name = "duckdb-extension-azure"
version = "1.0.3"
source = { editable = "extensions/duckdb_extension_azure" }
dependencies = [
    { name = "duckdb" },
    { name = "importlib-resources", marker = "python_full_version < '3.9'" },
    { name = "requests" },
]

[package.metadata]
requires-dist = [
    { name = "duckdb", specifier = ">=1.0.0" },
    { name = "importlib-resources", marker = "python_full_version < '3.9'", specifier = "==3.0.0" },
    { name = "requests", specifier = ">=1.0.0" },
]

[[package]]
name = "duckdb-extension-delta"
version = "1.0.3"
source = { editable = "extensions/duckdb_extension_delta" }
dependencies = [
    { name = "duckdb" },
    { name = "importlib-resources", marker = "python_full_version < '3.9'" },
    { name = "requests" },
]

[package.metadata]
requires-dist = [
    { name = "duckdb", specifier = ">=1.0.0" },
    { name = "importlib-resources", marker = "python_full_version < '3.9'", specifier = "==3.0.0" },
    { name = "requests", specifier = ">=1.0.0" },
]

[[package]]
name = "duckdb-extension-excel"
version = "1.0.3"
source = { editable = "extensions/duckdb_extension_excel" }
dependencies = [
    { name = "duckdb" },
    { name = "importlib-resources", marker = "python_full_version < '3.9'" },
    { name = "requests" },
]

[package.metadata]
requires-dist = [
    { name = "duckdb", specifier = ">=1.0.0" },
    { name = "importlib-resources", marker = "python_full_version < '3.9'", specifier = "==3.0.0" },
    { name = "requests", specifier = ">=1.0.0" },
]

[[package]]
name = "duckdb-extension-httpfs"
version = "1.0.3"
source = { editable = "extensions/duckdb_extension_httpfs" }
dependencies = [
    { name = "duckdb" },
    { name = "importlib-resources", marker = "python_full_version < '3.9'" },
    { name = "requests" },
]

[package.metadata]
requires-dist = [
    { name = "duckdb", specifier = ">=1.0.0" },
    { name = "importlib-resources", marker = "python_full_version < '3.9'", specifier = "==3.0.0" },
    { name = "requests", specifier = ">=1.0.0" },
]

[[package]]
name = "duckdb-extension-iceberg"
version = "1.0.3"
source = { editable = "extensions/duckdb_extension_iceberg" }
dependencies = [
    { name = "duckdb" },
    { name = "importlib-resources", marker = "python_full_version < '3.9'" },
    { name = "requests" },
]

[package.metadata]
requires-dist = [
    { name = "duckdb", specifier = ">=1.0.0" },
    { name = "importlib-resources", marker = "python_full_version < '3.9'", specifier = "==3.0.0" },
    { name = "requests", specifier = ">=1.0.0" },
]

[[package]]
name = "duckdb-extension-inet"
version = "1.0.3"
source = { editable = "extensions/duckdb_extension_inet" }
dependencies = [
    { name = "duckdb" },
    { name = "importlib-resources", marker = "python_full_version < '3.9'" },
    { name = "requests" },
]

[package.metadata]
requires-dist = [
    { name = "duckdb", specifier = ">=1.0.0" },
    { name = "importlib-resources", marker = "python_full_version < '3.9'", specifier = "==3.0.0" },
    { name = "requests", specifier = ">=1.0.0" },
]

[[package]]
name = "duckdb-extension-motherduck"
version = "1.0.3"
source = { editable = "extensions/duckdb_extension_motherduck" }
dependencies = [
    { name = "duckdb" },
    { name = "importlib-resources", marker = "python_full_version < '3.9'" },
    { name = "requests" },
]

[package.metadata]
requires-dist = [
    { name = "duckdb", specifier = ">=1.0.0" },
    { name = "importlib-resources", marker = "python_full_version < '3.9'", specifier = "==3.0.0" },
    { name = "requests", specifier = ">=1.0.0" },
]

[[package]]
name = "duckdb-extension-mysql-scanner"
version = "1.0.3"
source = { editable = "extensions/duckdb_extension_mysql_scanner" }
dependencies = [
    { name = "duckdb" },
    { name = "importlib-resources", marker = "python_full_version < '3.9'" },
    { name = "requests" },
]

[package.metadata]
requires-dist = [
    { name = "duckdb", specifier = ">=1.0.0" },
    { name = "importlib-resources", marker = "python_full_version < '3.9'", specifier = "==3.0.0" },
    { name = "requests", specifier = ">=1.0.0" },
]

[[package]]
name = "duckdb-extension-parquet"
version = "1.0.3"
source = { editable = "extensions/duckdb_extension_parquet" }
dependencies = [
    { name = "duckdb" },
    { name = "importlib-resources", marker = "python_full_version < '3.9'" },
    { name = "requests" },
]

[package.metadata]
requires-dist = [
    { name = "duckdb", specifier = ">=1.0.0" },
    { name = "importlib-resources", marker = "python_full_version < '3.9'", specifier = "==3.0.0" },
    { name = "requests", specifier = ">=1.0.0" },
]

[[package]]
name = "duckdb-extension-postgres"
version = "1.0.3"
source = { editable = "extensions/duckdb_extension_postgres" }
dependencies = [
    { name = "duckdb" },
    { name = "importlib-resources", marker = "python_full_version < '3.9'" },
    { name = "requests" },
]

[package.metadata]
requires-dist = [
    { name = "duckdb", specifier = ">=1.0.0" },
    { name = "importlib-resources", marker = "python_full_version < '3.9'", specifier = "==3.0.0" },
    { name = "requests", specifier = ">=1.0.0" },
]

[[package]]
name = "duckdb-extension-postgres-scanner"
version = "1.0.3"
source = { editable = "extensions/duckdb_extension_postgres_scanner" }
dependencies = [
    { name = "duckdb" },
    { name = "importlib-resources", marker = "python_full_version < '3.9'" },
    { name = "requests" },
]

[package.metadata]
requires-dist = [
    { name = "duckdb", specifier = ">=1.0.0" },
    { name = "importlib-resources", marker = "python_full_version < '3.9'", specifier = "==3.0.0" },
    { name = "requests", specifier = ">=1.0.0" },
]

[[package]]
name = "duckdb-extension-spatial"
version = "1.0.3"
source = { editable = "extensions/duckdb_extension_spatial" }
dependencies = [
    { name = "duckdb" },
    { name = "importlib-resources", marker = "python_full_version < '3.9'" },
    { name = "requests" },
]

[package.metadata]
requires-dist = [
    { name = "duckdb", specifier = ">=1.0.0" },
    { name = "importlib-resources", marker = "python_full_version < '3.9'", specifier = "==3.0.0" },
    { name = "requests", specifier = ">=1.0.0" },
]

[[package]]
name = "duckdb-extension-sqlite-scanner"
version = "1.0.3"
source = { editable = "extensions/duckdb_extension_sqlite_scanner" }
dependencies = [
    { name = "duckdb" },
    { name = "importlib-resources", marker = "python_full_version < '3.9'" },
    { name = "requests" },
]

[package.metadata]
requires-dist = [
    { name = "duckdb", specifier = ">=1.0.0" },
    { name = "importlib-resources", marker = "python_full_version < '3.9'", specifier = "==3.0.0" },
    { name = "requests", specifier = ">=1.0.0" },
]

[[package]]
name = "duckdb-extension-substrait"
version = "1.0.3"
source = { editable = "extensions/duckdb_extension_substrait" }
dependencies = [
    { name = "duckdb" },
    { name = "importlib-resources", marker = "python_full_version < '3.9'" },
    { name = "requests" },
]

[package.metadata]
requires-dist = [
    { name = "duckdb", specifier = ">=1.0.0" },
    { name = "importlib-resources", marker = "python_full_version < '3.9'", specifier = "==3.0.0" },
    { name = "requests", specifier = ">=1.0.0" },
]

[[package]]
name = "duckdb-extension-vss"
version = "1.0.3"
source = { editable = "extensions/duckdb_extension_vss" }
dependencies = [
    { name = "duckdb" },
    { name = "importlib-resources", marker = "python_full_version < '3.9'" },
    { name = "requests" },
]

[package.metadata]
requires-dist = [
    { name = "duckdb", specifier = ">=1.0.0" },
    { name = "importlib-resources", marker = "python_full_version < '3.9'", specifier = "==3.0.0" },
    { name = "requests", specifier = ">=1.0.0" },
]

[[package]]
name = "duckdb-extensions"
version = "1.0.3"
source = { editable = "." }
dependencies = [
    { name = "duckdb" },
    { name = "importlib-resources", marker = "python_full_version < '3.9'" },
    { name = "requests" },
]

[package.metadata]
requires-dist = [
    { name = "duckdb", specifier = ">=1.0.0" },
    { name = "importlib-resources", marker = "python_full_version < '3.9'", specifier = "==3.0.0" },
    { name = "requests", specifier = ">=1.0.0" },
]

[[package]]
name = "idna"
version = "3.7"
source = { registry = "https://pypi.org/simple" }
sdist = { url = "https://files.pythonhosted.org/packages/21/ed/f86a79a07470cb07819390452f178b3bef1d375f2ec021ecfc709fc7cf07/idna-3.7.tar.gz", hash = "sha256:028ff3aadf0609c1fd278d8ea3089299412a7a8b9bd005dd08b9f8285bcb5cfc", size = 189575 }
wheels = [
    { url = "https://files.pythonhosted.org/packages/e5/3e/741d8c82801c347547f8a2a06aa57dbb1992be9e948df2ea0eda2c8b79e8/idna-3.7-py3-none-any.whl", hash = "sha256:82fee1fc78add43492d3a1898bfa6d8a904cc97d8427f683ed8e798d07761aa0", size = 66836 },
]

[[package]]
name = "importlib-resources"
version = "3.0.0"
source = { registry = "https://pypi.org/simple" }
sdist = { url = "https://files.pythonhosted.org/packages/46/0b/7973c432eae095b60db1a37d6bf2c693cb4290b4d38d92f1bafe503c853d/importlib_resources-3.0.0.tar.gz", hash = "sha256:19f745a6eca188b490b1428c8d1d4a0d2368759f32370ea8fb89cad2ab1106c3", size = 26725 }
wheels = [
    { url = "https://files.pythonhosted.org/packages/ba/03/0f9595c0c2ef12590877f3c47e5f579759ce5caf817f8256d5dcbd8a1177/importlib_resources-3.0.0-py2.py3-none-any.whl", hash = "sha256:d028f66b66c0d5732dae86ba4276999855e162a749c92620a38c1d779ed138a7", size = 23147 },
]

[[package]]
name = "requests"
version = "2.32.3"
source = { registry = "https://pypi.org/simple" }
dependencies = [
    { name = "certifi" },
    { name = "charset-normalizer" },
    { name = "idna" },
    { name = "urllib3" },
]
sdist = { url = "https://files.pythonhosted.org/packages/63/70/2bf7780ad2d390a8d301ad0b550f1581eadbd9a20f896afe06353c2a2913/requests-2.32.3.tar.gz", hash = "sha256:55365417734eb18255590a9ff9eb97e9e1da868d4ccd6402399eaf68af20a760", size = 131218 }
wheels = [
    { url = "https://files.pythonhosted.org/packages/f9/9b/335f9764261e915ed497fcdeb11df5dfd6f7bf257d4a6a2a686d80da4d54/requests-2.32.3-py3-none-any.whl", hash = "sha256:70761cfe03c773ceb22aa2f671b4757976145175cdfca038c02654d061d6dcc6", size = 64928 },
]

[[package]]
name = "urllib3"
version = "2.2.2"
source = { registry = "https://pypi.org/simple" }
sdist = { url = "https://files.pythonhosted.org/packages/43/6d/fa469ae21497ddc8bc93e5877702dca7cb8f911e337aca7452b5724f1bb6/urllib3-2.2.2.tar.gz", hash = "sha256:dd505485549a7a552833da5e6063639d0d177c04f23bc3864e41e5dc5f612168", size = 292266 }
wheels = [
    { url = "https://files.pythonhosted.org/packages/ca/1c/89ffc63a9605b583d5df2be791a27bc1a42b7c32bab68d3c8f2f73a98cd4/urllib3-2.2.2-py3-none-any.whl", hash = "sha256:a448b2f64d686155468037e1ace9f2d2199776e17f0a46610480d311f73e3472", size = 121444 },
]
