version = 1
requires-python = ">=3.9"

[manifest]
members = [
    "duckdb-extension-autocomplete",
    "duckdb-extension-avro",
    "duckdb-extension-aws",
    "duckdb-extension-azure",
    "duckdb-extension-delta",
    "duckdb-extension-ducklake",
    "duckdb-extension-encodings",
    "duckdb-extension-excel",
    "duckdb-extension-fts",
    "duckdb-extension-httpfs",
    "duckdb-extension-iceberg",
    "duckdb-extension-icu",
    "duckdb-extension-inet",
    "duckdb-extension-json",
    "duckdb-extension-motherduck",
    "duckdb-extension-mysql",
    "duckdb-extension-mysql-scanner",
    "duckdb-extension-parquet",
    "duckdb-extension-postgres",
    "duckdb-extension-postgres-scanner",
    "duckdb-extension-spatial",
    "duckdb-extension-sqlite",
    "duckdb-extension-sqlite-scanner",
    "duckdb-extension-sqlite3",
    "duckdb-extension-tpcds",
    "duckdb-extension-tpch",
    "duckdb-extension-ui",
    "duckdb-extension-vss",
    "duckdb-extensions",
]

[[package]]
name = "duckdb"
version = "1.4.1"
source = { registry = "https://pypi.org/simple" }
sdist = { url = "https://files.pythonhosted.org/packages/ea/e7/21cf50a3d52ffceee1f0bcc3997fa96a5062e6bab705baee4f6c4e33cce5/duckdb-1.4.1.tar.gz", hash = "sha256:f903882f045d057ebccad12ac69975952832edfe133697694854bb784b8d6c76", size = 18461687 }
wheels = [
    { url = "https://files.pythonhosted.org/packages/68/cc/00a07de0e33d16763edd4132d7c8a2f9efd57a2f296a25a948f239a1fadf/duckdb-1.4.1-cp310-cp310-macosx_10_9_universal2.whl", hash = "sha256:296b4fff3908fb4c47b0aa1d77bd1933375e75401009d2dc81af8e7a0b8a05b4", size = 29062814 },
    { url = "https://files.pythonhosted.org/packages/17/ea/fb0fda8886d1928f1b2a53a1163ef94f6f4b41f6d8b29eee457acfc2fa67/duckdb-1.4.1-cp310-cp310-macosx_10_9_x86_64.whl", hash = "sha256:0b4182800092115feee5d71a8691efb283d3c9f5eb0b36362b308ef007a12222", size = 16161652 },
    { url = "https://files.pythonhosted.org/packages/b4/5f/052e6436a71f461e61cd3a982954c029145a84b58cefa1dfb3eb2d96e4fc/duckdb-1.4.1-cp310-cp310-macosx_11_0_arm64.whl", hash = "sha256:67cc3b6c7f7ba07a69e9331b8ccea7a60cbcd4204bb473e5da9b71588bd2eca9", size = 13753030 },
    { url = "https://files.pythonhosted.org/packages/c2/fd/3ae3c89d0f6ad54c0be4430e572306fbfc9f173c97b23c5025a540449325/duckdb-1.4.1-cp310-cp310-manylinux_2_27_aarch64.manylinux_2_28_aarch64.whl", hash = "sha256:0cef0cee7030b561640cb9af718f8841b19cdd2aa020d53561057b5743bea90b", size = 18487683 },
    { url = "https://files.pythonhosted.org/packages/d4/3c/eef454cd7c3880c2d55b50e18a9c7a213bf91ded79efcfb573d8d6dd8a47/duckdb-1.4.1-cp310-cp310-manylinux_2_27_x86_64.manylinux_2_28_x86_64.whl", hash = "sha256:2bf93347f37a46bacce6ac859d651dbf5731e2c94a64ab358300425b09e3de23", size = 20487080 },
    { url = "https://files.pythonhosted.org/packages/bb/5b/b619f4c986a1cb0b06315239da9ce5fd94a20c07a344d03e2635d56a6967/duckdb-1.4.1-cp310-cp310-win_amd64.whl", hash = "sha256:2e60d2361f978908a3d96eebaf1f4b346f283afcc467351aae50ea45ca293a2b", size = 12324436 },
    { url = "https://files.pythonhosted.org/packages/d9/52/606f13fa9669a24166d2fe523e28982d8ef9039874b4de774255c7806d1f/duckdb-1.4.1-cp311-cp311-macosx_10_9_universal2.whl", hash = "sha256:605d563c1d5203ca992497cd33fb386ac3d533deca970f9dcf539f62a34e22a9", size = 29065894 },
    { url = "https://files.pythonhosted.org/packages/84/57/138241952ece868b9577e607858466315bed1739e1fbb47205df4dfdfd88/duckdb-1.4.1-cp311-cp311-macosx_10_9_x86_64.whl", hash = "sha256:d3305c7c4b70336171de7adfdb50431f23671c000f11839b580c4201d9ce6ef5", size = 16163720 },
    { url = "https://files.pythonhosted.org/packages/a3/81/afa3a0a78498a6f4acfea75c48a70c5082032d9ac87822713d7c2d164af1/duckdb-1.4.1-cp311-cp311-macosx_11_0_arm64.whl", hash = "sha256:a063d6febbe34b32f1ad2e68822db4d0e4b1102036f49aaeeb22b844427a75df", size = 13756223 },
    { url = "https://files.pythonhosted.org/packages/47/dd/5f6064fbd9248e37a3e806a244f81e0390ab8f989d231b584fb954f257fc/duckdb-1.4.1-cp311-cp311-manylinux_2_27_aarch64.manylinux_2_28_aarch64.whl", hash = "sha256:d1ffcaaf74f7d1df3684b54685cbf8d3ce732781c541def8e1ced304859733ae", size = 18487022 },
    { url = "https://files.pythonhosted.org/packages/a1/10/b54969a1c42fd9344ad39228d671faceb8aa9f144b67cd9531a63551757f/duckdb-1.4.1-cp311-cp311-manylinux_2_27_x86_64.manylinux_2_28_x86_64.whl", hash = "sha256:685d3d1599dc08160e0fa0cf09e93ac4ff8b8ed399cb69f8b5391cd46b5b207c", size = 20491004 },
    { url = "https://files.pythonhosted.org/packages/ed/d5/7332ae8f804869a4e895937821b776199a283f8d9fc775fd3ae5a0558099/duckdb-1.4.1-cp311-cp311-win_amd64.whl", hash = "sha256:78f1d28a15ae73bd449c43f80233732adffa49be1840a32de8f1a6bb5b286764", size = 12327619 },
    { url = "https://files.pythonhosted.org/packages/0e/6c/906a3fe41cd247b5638866fc1245226b528de196588802d4df4df1e6e819/duckdb-1.4.1-cp312-cp312-macosx_10_13_universal2.whl", hash = "sha256:cd1765a7d180b7482874586859fc23bc9969d7d6c96ced83b245e6c6f49cde7f", size = 29076820 },
    { url = "https://files.pythonhosted.org/packages/66/c7/01dd33083f01f618c2a29f6dd068baf16945b8cbdb132929d3766610bbbb/duckdb-1.4.1-cp312-cp312-macosx_10_13_x86_64.whl", hash = "sha256:8ed7a86725185470953410823762956606693c0813bb64e09c7d44dbd9253a64", size = 16167558 },
    { url = "https://files.pythonhosted.org/packages/81/e2/f983b4b7ae1dfbdd2792dd31dee9a0d35f88554452cbfc6c9d65e22fdfa9/duckdb-1.4.1-cp312-cp312-macosx_11_0_arm64.whl", hash = "sha256:8a189bdfc64cfb9cc1adfbe4f2dcfde0a4992ec08505ad8ce33c886e4813f0bf", size = 13762226 },
    { url = "https://files.pythonhosted.org/packages/ed/34/fb69a7be19b90f573b3cc890961be7b11870b77514769655657514f10a98/duckdb-1.4.1-cp312-cp312-manylinux_2_27_aarch64.manylinux_2_28_aarch64.whl", hash = "sha256:a9090089b6486f7319c92acdeed8acda022d4374032d78a465956f50fc52fabf", size = 18500901 },
    { url = "https://files.pythonhosted.org/packages/e4/a5/1395d7b49d5589e85da9a9d7ffd8b50364c9d159c2807bef72d547f0ad1e/duckdb-1.4.1-cp312-cp312-manylinux_2_27_x86_64.manylinux_2_28_x86_64.whl", hash = "sha256:142552ea3e768048e0e8c832077a545ca07792631c59edaee925e3e67401c2a0", size = 20514177 },
    { url = "https://files.pythonhosted.org/packages/c0/21/08f10706d30252753349ec545833fc0cea67c11abd0b5223acf2827f1056/duckdb-1.4.1-cp312-cp312-win_amd64.whl", hash = "sha256:567f3b3a785a9e8650612461893c49ca799661d2345a6024dda48324ece89ded", size = 12336422 },
    { url = "https://files.pythonhosted.org/packages/d7/08/705988c33e38665c969f7876b3ca4328be578554aa7e3dc0f34158da3e64/duckdb-1.4.1-cp313-cp313-macosx_10_13_universal2.whl", hash = "sha256:46496a2518752ae0c6c5d75d4cdecf56ea23dd098746391176dd8e42cf157791", size = 29077070 },
    { url = "https://files.pythonhosted.org/packages/99/c5/7c9165f1e6b9069441bcda4da1e19382d4a2357783d37ff9ae238c5c41ac/duckdb-1.4.1-cp313-cp313-macosx_10_13_x86_64.whl", hash = "sha256:1c65ae7e9b541cea07d8075343bcfebdecc29a3c0481aa6078ee63d51951cfcd", size = 16167506 },
    { url = "https://files.pythonhosted.org/packages/38/46/267f4a570a0ee3ae6871ddc03435f9942884284e22a7ba9b7cb252ee69b6/duckdb-1.4.1-cp313-cp313-macosx_11_0_arm64.whl", hash = "sha256:598d1a314e34b65d9399ddd066ccce1eeab6a60a2ef5885a84ce5ed62dbaf729", size = 13762330 },
    { url = "https://files.pythonhosted.org/packages/15/7b/c4f272a40c36d82df20937d93a1780eb39ab0107fe42b62cba889151eab9/duckdb-1.4.1-cp313-cp313-manylinux_2_27_aarch64.manylinux_2_28_aarch64.whl", hash = "sha256:e2f16b8def782d484a9f035fc422bb6f06941ed0054b4511ddcdc514a7fb6a75", size = 18504687 },
    { url = "https://files.pythonhosted.org/packages/17/fc/9b958751f0116d7b0406406b07fa6f5a10c22d699be27826d0b896f9bf51/duckdb-1.4.1-cp313-cp313-manylinux_2_27_x86_64.manylinux_2_28_x86_64.whl", hash = "sha256:a5a7d0aed068a5c33622a8848857947cab5cfb3f2a315b1251849bac2c74c492", size = 20513823 },
    { url = "https://files.pythonhosted.org/packages/30/79/4f544d73fcc0513b71296cb3ebb28a227d22e80dec27204977039b9fa875/duckdb-1.4.1-cp313-cp313-win_amd64.whl", hash = "sha256:280fd663dacdd12bb3c3bf41f3e5b2e5b95e00b88120afabb8b8befa5f335c6f", size = 12336460 },
    { url = "https://files.pythonhosted.org/packages/63/49/7fcaf3d0c8194958f2fc61620ee9a0ba57fc0454183c24fce443caaf0815/duckdb-1.4.1-cp39-cp39-macosx_10_9_universal2.whl", hash = "sha256:04a31b3cf84d77ef02c9914567b5d63a43fc791b144655ee99581cd9f4949e63", size = 29061482 },
    { url = "https://files.pythonhosted.org/packages/c4/33/7374fc94491567e1c77a32bf89fac9dcfc85b955ebc80170ea8ffe130db5/duckdb-1.4.1-cp39-cp39-macosx_10_9_x86_64.whl", hash = "sha256:c01c5f9d0657a26938d640aa8d8effa91cacf66195ed4787824e6d5537bcaf21", size = 16160209 },
    { url = "https://files.pythonhosted.org/packages/bd/97/8fdf49a4696ccc63c84ad50eef7d7ec9f5d34a4e5763ce0cce339210af2b/duckdb-1.4.1-cp39-cp39-macosx_11_0_arm64.whl", hash = "sha256:80c12239abb2a063abcd75dc052e9884b41060615735a532a6e3e8390eee7f70", size = 13752503 },
    { url = "https://files.pythonhosted.org/packages/5e/ec/c07ece0f1f31153be4d08a8801ca50c65ed3280d7578d3fc48972c83e64b/duckdb-1.4.1-cp39-cp39-manylinux_2_27_aarch64.manylinux_2_28_aarch64.whl", hash = "sha256:4b96d16a10256d05d818b34903243681764b6afc98f7d50b1ae60d23aa1f1f9e", size = 18468107 },
    { url = "https://files.pythonhosted.org/packages/6d/a3/30506391e592acaab45147e9a578c0bf3c144e1e461e1f942995fb0c66df/duckdb-1.4.1-cp39-cp39-manylinux_2_27_x86_64.manylinux_2_28_x86_64.whl", hash = "sha256:e8aa4a4298a6a627599f6606c7bedfe77309c1fb05a606af48e0e72333861ef4", size = 20472027 },
    { url = "https://files.pythonhosted.org/packages/28/e6/46e9c440d5a9d0db9df81b1d35d5ca9b2c6e16eee9f43ccfd93284804224/duckdb-1.4.1-cp39-cp39-win_amd64.whl", hash = "sha256:09d152dd4ab24a5984cd289b553e142980b3f029292cdda29e34303c75138de6", size = 12324883 },
]

[[package]]
name = "duckdb-extension-autocomplete"
version = "1.4.1"
source = { editable = "extensions/duckdb_extension_autocomplete" }
dependencies = [
    { name = "duckdb" },
]

[package.metadata]
requires-dist = [{ name = "duckdb", specifier = "==1.4.1" }]

[[package]]
name = "duckdb-extension-avro"
version = "1.4.1"
source = { editable = "extensions/duckdb_extension_avro" }
dependencies = [
    { name = "duckdb" },
]

[package.metadata]
requires-dist = [{ name = "duckdb", specifier = "==1.4.1" }]

[[package]]
name = "duckdb-extension-aws"
version = "1.4.1"
source = { editable = "extensions/duckdb_extension_aws" }
dependencies = [
    { name = "duckdb" },
]

[package.metadata]
requires-dist = [{ name = "duckdb", specifier = "==1.4.1" }]

[[package]]
name = "duckdb-extension-azure"
version = "1.4.1"
source = { editable = "extensions/duckdb_extension_azure" }
dependencies = [
    { name = "duckdb" },
]

[package.metadata]
requires-dist = [{ name = "duckdb", specifier = "==1.4.1" }]

[[package]]
name = "duckdb-extension-delta"
version = "1.4.1"
source = { editable = "extensions/duckdb_extension_delta" }
dependencies = [
    { name = "duckdb" },
]

[package.metadata]
requires-dist = [{ name = "duckdb", specifier = "==1.4.1" }]

[[package]]
name = "duckdb-extension-ducklake"
version = "1.4.1"
source = { editable = "extensions/duckdb_extension_ducklake" }
dependencies = [
    { name = "duckdb" },
]

[package.metadata]
requires-dist = [{ name = "duckdb", specifier = "==1.4.1" }]

[[package]]
name = "duckdb-extension-encodings"
version = "1.4.1"
source = { editable = "extensions/duckdb_extension_encodings" }
dependencies = [
    { name = "duckdb" },
]

[package.metadata]
requires-dist = [{ name = "duckdb", specifier = "==1.4.1" }]

[[package]]
name = "duckdb-extension-excel"
version = "1.4.1"
source = { editable = "extensions/duckdb_extension_excel" }
dependencies = [
    { name = "duckdb" },
]

[package.metadata]
requires-dist = [{ name = "duckdb", specifier = "==1.4.1" }]

[[package]]
name = "duckdb-extension-fts"
version = "1.4.1"
source = { editable = "extensions/duckdb_extension_fts" }
dependencies = [
    { name = "duckdb" },
]

[package.metadata]
requires-dist = [{ name = "duckdb", specifier = "==1.4.1" }]

[[package]]
name = "duckdb-extension-httpfs"
version = "1.4.1"
source = { editable = "extensions/duckdb_extension_httpfs" }
dependencies = [
    { name = "duckdb" },
]

[package.metadata]
requires-dist = [{ name = "duckdb", specifier = "==1.4.1" }]

[[package]]
name = "duckdb-extension-iceberg"
version = "1.4.1"
source = { editable = "extensions/duckdb_extension_iceberg" }
dependencies = [
    { name = "duckdb" },
]

[package.metadata]
requires-dist = [{ name = "duckdb", specifier = "==1.4.1" }]

[[package]]
name = "duckdb-extension-icu"
version = "1.4.1"
source = { editable = "extensions/duckdb_extension_icu" }
dependencies = [
    { name = "duckdb" },
]

[package.metadata]
requires-dist = [{ name = "duckdb", specifier = "==1.4.1" }]

[[package]]
name = "duckdb-extension-inet"
version = "1.4.1"
source = { editable = "extensions/duckdb_extension_inet" }
dependencies = [
    { name = "duckdb" },
]

[package.metadata]
requires-dist = [{ name = "duckdb", specifier = "==1.4.1" }]

[[package]]
name = "duckdb-extension-json"
version = "1.4.1"
source = { editable = "extensions/duckdb_extension_json" }
dependencies = [
    { name = "duckdb" },
]

[package.metadata]
requires-dist = [{ name = "duckdb", specifier = "==1.4.1" }]

[[package]]
name = "duckdb-extension-motherduck"
version = "1.4.1"
source = { editable = "extensions/duckdb_extension_motherduck" }
dependencies = [
    { name = "duckdb" },
]

[package.metadata]
requires-dist = [{ name = "duckdb", specifier = "==1.4.1" }]

[[package]]
name = "duckdb-extension-mysql"
version = "1.4.1"
source = { editable = "extensions/duckdb_extension_mysql" }
dependencies = [
    { name = "duckdb" },
]

[package.metadata]
requires-dist = [{ name = "duckdb", specifier = "==1.4.1" }]

[[package]]
name = "duckdb-extension-mysql-scanner"
version = "1.4.1"
source = { editable = "extensions/duckdb_extension_mysql_scanner" }
dependencies = [
    { name = "duckdb" },
]

[package.metadata]
requires-dist = [{ name = "duckdb", specifier = "==1.4.1" }]

[[package]]
name = "duckdb-extension-parquet"
version = "1.4.1"
source = { editable = "extensions/duckdb_extension_parquet" }
dependencies = [
    { name = "duckdb" },
]

[package.metadata]
requires-dist = [{ name = "duckdb", specifier = "==1.4.1" }]

[[package]]
name = "duckdb-extension-postgres"
version = "1.4.1"
source = { editable = "extensions/duckdb_extension_postgres" }
dependencies = [
    { name = "duckdb" },
]

[package.metadata]
requires-dist = [{ name = "duckdb", specifier = "==1.4.1" }]

[[package]]
name = "duckdb-extension-postgres-scanner"
version = "1.4.1"
source = { editable = "extensions/duckdb_extension_postgres_scanner" }
dependencies = [
    { name = "duckdb" },
]

[package.metadata]
requires-dist = [{ name = "duckdb", specifier = "==1.4.1" }]

[[package]]
name = "duckdb-extension-spatial"
version = "1.4.1"
source = { editable = "extensions/duckdb_extension_spatial" }
dependencies = [
    { name = "duckdb" },
]

[package.metadata]
requires-dist = [{ name = "duckdb", specifier = "==1.4.1" }]

[[package]]
name = "duckdb-extension-sqlite"
version = "1.4.1"
source = { editable = "extensions/duckdb_extension_sqlite" }
dependencies = [
    { name = "duckdb" },
]

[package.metadata]
requires-dist = [{ name = "duckdb", specifier = "==1.4.1" }]

[[package]]
name = "duckdb-extension-sqlite-scanner"
version = "1.4.1"
source = { editable = "extensions/duckdb_extension_sqlite_scanner" }
dependencies = [
    { name = "duckdb" },
]

[package.metadata]
requires-dist = [{ name = "duckdb", specifier = "==1.4.1" }]

[[package]]
name = "duckdb-extension-sqlite3"
version = "1.4.1"
source = { editable = "extensions/duckdb_extension_sqlite3" }
dependencies = [
    { name = "duckdb" },
]

[package.metadata]
requires-dist = [{ name = "duckdb", specifier = "==1.4.1" }]

[[package]]
name = "duckdb-extension-tpcds"
version = "1.4.1"
source = { editable = "extensions/duckdb_extension_tpcds" }
dependencies = [
    { name = "duckdb" },
]

[package.metadata]
requires-dist = [{ name = "duckdb", specifier = "==1.4.1" }]

[[package]]
name = "duckdb-extension-tpch"
version = "1.4.1"
source = { editable = "extensions/duckdb_extension_tpch" }
dependencies = [
    { name = "duckdb" },
]

[package.metadata]
requires-dist = [{ name = "duckdb", specifier = "==1.4.1" }]

[[package]]
name = "duckdb-extension-ui"
version = "1.4.1"
source = { editable = "extensions/duckdb_extension_ui" }
dependencies = [
    { name = "duckdb" },
]

[package.metadata]
requires-dist = [{ name = "duckdb", specifier = "==1.4.1" }]

[[package]]
name = "duckdb-extension-vss"
version = "1.4.1"
source = { editable = "extensions/duckdb_extension_vss" }
dependencies = [
    { name = "duckdb" },
]

[package.metadata]
requires-dist = [{ name = "duckdb", specifier = "==1.4.1" }]

[[package]]
name = "duckdb-extensions"
version = "1.4.1"
source = { editable = "." }
dependencies = [
    { name = "duckdb" },
]

[package.metadata]
requires-dist = [
    { name = "duckdb", specifier = "==1.4.1" },
    { name = "importlib-resources", marker = "python_full_version < '3.9'", specifier = ">=3.0.0" },
]
